{
  "object": {
    "pins": [
      {
        "package": "IP2Location",
        "repositoryURL": "https://github.com/alisle/IP2Location-Swift",
        "state": {
          "branch": null,
          "revision": "71ea2f38342e7386abf73eb07181dc4027b5f33a",
          "version": "1.0.0"
        }
      },
      {
        "package": "swift-log",
        "repositoryURL": "https://github.com/apple/swift-log.git",
        "state": {
          "branch": null,
          "revision": "74d7b91ceebc85daf387ebb206003f78813f71aa",
          "version": "1.2.0"
        }
      },
      {
        "package": "SwiftCSV",
        "repositoryURL": "https://github.com/swiftcsv/SwiftCSV.git",
        "state": {
          "branch": null,
          "revision": "b581e5c364f5ea0f48d3073321b373afcf078bf8",
          "version": "0.5.5"
        }
      },
      {
        "package": "Topojson",
        "repositoryURL": "https://github.com/alisle/Topojson-Swift",
        "state": {
          "branch": null,
          "revision": "4b3879b03b239da6a3eb8a334de4951705a0dbd4",
          "version": "1.0.0"
        }
      }
    ]
  },
  "version": 1
}
