// !$*UTF8*$!
{
	archiveVersion = 1;
	classes = {
	};
	objectVersion = 52;
	objects = {

/* Begin PBXBuildFile section */
		F008CBB822E8B32800791486 /* SwiftUI.framework in Frameworks */ = {isa = PBXBuildFile; fileRef = F008CBB722E8B32800791486 /* SwiftUI.framework */; };
		F0167760233D083F0018DA77 /* DecisionEngineTests.swift in Sources */ = {isa = PBXBuildFile; fileRef = F016775E233D02D50018DA77 /* DecisionEngineTests.swift */; };
		F01677652342496C0018DA77 /* RulesDispatcher.swift in Sources */ = {isa = PBXBuildFile; fileRef = F01677642342496C0018DA77 /* RulesDispatcher.swift */; };
		F0260FD12379E01E002E2C5C /* GlobeShape.swift in Sources */ = {isa = PBXBuildFile; fileRef = F0260FD02379E01E002E2C5C /* GlobeShape.swift */; };
		F0260FD5237C6297002E2C5C /* GlobeCapsuleView.swift in Sources */ = {isa = PBXBuildFile; fileRef = F0260FD4237C6297002E2C5C /* GlobeCapsuleView.swift */; };
		F0260FD9237C9219002E2C5C /* ConnectionAmountShape.swift in Sources */ = {isa = PBXBuildFile; fileRef = F0260FD8237C9219002E2C5C /* ConnectionAmountShape.swift */; };
		F0260FDD237DE533002E2C5C /* NotificationsManager.swift in Sources */ = {isa = PBXBuildFile; fileRef = F0260FDC237DE533002E2C5C /* NotificationsManager.swift */; };
		F0269F35231F4D080067D3BA /* Outcome.swift in Sources */ = {isa = PBXBuildFile; fileRef = F0269F34231F4D080067D3BA /* Outcome.swift */; };
		F0269F3923201A7B0067D3BA /* ConnectionDirection.swift in Sources */ = {isa = PBXBuildFile; fileRef = F0269F3823201A7B0067D3BA /* ConnectionDirection.swift */; };
		F0269F3B23201EFB0067D3BA /* TimeIntervalExtension.swift in Sources */ = {isa = PBXBuildFile; fileRef = F0269F3A23201EFB0067D3BA /* TimeIntervalExtension.swift */; };
		F028F8182339210D003EA345 /* rules.json in Resources */ = {isa = PBXBuildFile; fileRef = F028F8172339210D003EA345 /* rules.json */; };
		F028F81E233B04DF003EA345 /* Rules.swift in Sources */ = {isa = PBXBuildFile; fileRef = F028F81D233B04DF003EA345 /* Rules.swift */; };
		F02EAC5423282928008186E7 /* DecisionEngine.swift in Sources */ = {isa = PBXBuildFile; fileRef = F02EAC5323282928008186E7 /* DecisionEngine.swift */; };
		F0331F842360EDB100A634D5 /* ConnectionCombinedGraphView.swift in Sources */ = {isa = PBXBuildFile; fileRef = F0331F832360EDB100A634D5 /* ConnectionCombinedGraphView.swift */; };
		F0331F882360F44000A634D5 /* Graph.swift in Sources */ = {isa = PBXBuildFile; fileRef = F0331F872360F44000A634D5 /* Graph.swift */; };
		F0331F8A2363607F00A634D5 /* GraphTests.swift in Sources */ = {isa = PBXBuildFile; fileRef = F0331F892363607F00A634D5 /* GraphTests.swift */; };
		F042BDDA2343995700965781 /* preferences.plist in Resources */ = {isa = PBXBuildFile; fileRef = F042BDD92343995700965781 /* preferences.plist */; };
		F042BDDC23439A6D00965781 /* Preferences.swift in Sources */ = {isa = PBXBuildFile; fileRef = F042BDDB23439A6D00965781 /* Preferences.swift */; };
		F042BDDF23439C7400965781 /* PreferencesTests.swift in Sources */ = {isa = PBXBuildFile; fileRef = F042BDDD23439C6000965781 /* PreferencesTests.swift */; };
		F042BDE22343A04B00965781 /* ProtocolCacheTests.swift in Sources */ = {isa = PBXBuildFile; fileRef = F042BDE02343A02C00965781 /* ProtocolCacheTests.swift */; };
		F043D4A1230DC35300746BED /* DateExtension.swift in Sources */ = {isa = PBXBuildFile; fileRef = F043D4A0230DC35300746BED /* DateExtension.swift */; };
		F043D4A3230DC51A00746BED /* ConnectionStateType.swift in Sources */ = {isa = PBXBuildFile; fileRef = F043D4A2230DC51A00746BED /* ConnectionStateType.swift */; };
		F047056C22F34C470082D593 /* ConnectionDetailsView.swift in Sources */ = {isa = PBXBuildFile; fileRef = F047056B22F34C470082D593 /* ConnectionDetailsView.swift */; };
		F052C9EB22C1278D005DE1D7 /* Consumer.swift in Sources */ = {isa = PBXBuildFile; fileRef = F052C9EA22C1278D005DE1D7 /* Consumer.swift */; };
		F052C9ED22C163A2005DE1D7 /* KextComm.swift in Sources */ = {isa = PBXBuildFile; fileRef = F052C9EC22C163A2005DE1D7 /* KextComm.swift */; };
		F052C9EF22C1740A005DE1D7 /* Helpers.swift in Sources */ = {isa = PBXBuildFile; fileRef = F052C9EE22C1740A005DE1D7 /* Helpers.swift */; };
		F052C9F122C1743D005DE1D7 /* FirewallEvent.swift in Sources */ = {isa = PBXBuildFile; fileRef = F052C9F022C1743D005DE1D7 /* FirewallEvent.swift */; };
		F052C9F522C17531005DE1D7 /* kext-helpers.c in Sources */ = {isa = PBXBuildFile; fileRef = F052C9F422C17531005DE1D7 /* kext-helpers.c */; };
		F052C9F922C17606005DE1D7 /* BundleExtension.swift in Sources */ = {isa = PBXBuildFile; fileRef = F052C9F822C17606005DE1D7 /* BundleExtension.swift */; };
		F052C9FD22C17699005DE1D7 /* Connection.swift in Sources */ = {isa = PBXBuildFile; fileRef = F052C9FC22C17699005DE1D7 /* Connection.swift */; };
		F052CA0122C3C77F005DE1D7 /* ConnectionState.swift in Sources */ = {isa = PBXBuildFile; fileRef = F052CA0022C3C77F005DE1D7 /* ConnectionState.swift */; };
		F054A6CE23D0E1F800B67460 /* ServiceState.swift in Sources */ = {isa = PBXBuildFile; fileRef = F054A6CD23D0E1F800B67460 /* ServiceState.swift */; };
		F054A6D223D0E97C00B67460 /* ServiceStateTests.swift in Sources */ = {isa = PBXBuildFile; fileRef = F054A6D123D0E97C00B67460 /* ServiceStateTests.swift */; };
		F058177E238C2D35007F2D85 /* FilterCategory.swift in Sources */ = {isa = PBXBuildFile; fileRef = F058177D238C2D35007F2D85 /* FilterCategory.swift */; };
		F06CF75D239219AB00C7130B /* transformed_countries.json in Resources */ = {isa = PBXBuildFile; fileRef = F06CF75C239219AB00C7130B /* transformed_countries.json */; };
		F0701C8F23F4838E0002DD82 /* IP2Location in Frameworks */ = {isa = PBXBuildFile; productRef = F0701C8E23F4838E0002DD82 /* IP2Location */; };
		F0701C9123F4894E0002DD82 /* IP2LOCATION-LITE-DB11.BIN in Resources */ = {isa = PBXBuildFile; fileRef = F0701C9023F4894E0002DD82 /* IP2LOCATION-LITE-DB11.BIN */; };
		F0701C9423F48ED10002DD82 /* Logging in Frameworks */ = {isa = PBXBuildFile; productRef = F0701C9323F48ED10002DD82 /* Logging */; };
		F0701C9623FC595B0002DD82 /* IPAddress.swift in Sources */ = {isa = PBXBuildFile; fileRef = F0701C9523FC595B0002DD82 /* IPAddress.swift */; };
		F0701C9823FC7C2B0002DD82 /* SocketAddress.swift in Sources */ = {isa = PBXBuildFile; fileRef = F0701C9723FC7C2B0002DD82 /* SocketAddress.swift */; };
		F0701C9A23FC83A30002DD82 /* IPAddressTests.swift in Sources */ = {isa = PBXBuildFile; fileRef = F0701C9923FC83A30002DD82 /* IPAddressTests.swift */; };
		F0701C9C23FDA2110002DD82 /* SocketAddressTests.swift in Sources */ = {isa = PBXBuildFile; fileRef = F0701C9B23FDA2110002DD82 /* SocketAddressTests.swift */; };
		F0701CA023FDB5AF0002DD82 /* ProcessesTests.swift in Sources */ = {isa = PBXBuildFile; fileRef = F0701C9F23FDB5AF0002DD82 /* ProcessesTests.swift */; };
		F0701CA123FDEA530002DD82 /* Processes.swift in Sources */ = {isa = PBXBuildFile; fileRef = F0701C9D23FDB23C0002DD82 /* Processes.swift */; };
		F0701CA524022AE70002DD82 /* DNSCache.swift in Sources */ = {isa = PBXBuildFile; fileRef = F0701CA424022AE70002DD82 /* DNSCache.swift */; };
		F0701CAC240231DB0002DD82 /* HashTestFile.txt in Resources */ = {isa = PBXBuildFile; fileRef = F0701CAB240231DB0002DD82 /* HashTestFile.txt */; };
		F0701CB6240596170002DD82 /* EventType.swift in Sources */ = {isa = PBXBuildFile; fileRef = F0701CB5240596170002DD82 /* EventType.swift */; };
		F0701CB8240596C60002DD82 /* BaseEvent.swift in Sources */ = {isa = PBXBuildFile; fileRef = F0701CB7240596C60002DD82 /* BaseEvent.swift */; };
		F0701CBA2405976B0002DD82 /* ConnectionChangedEvent.swift in Sources */ = {isa = PBXBuildFile; fileRef = F0701CB92405976B0002DD82 /* ConnectionChangedEvent.swift */; };
		F0701CBC24059D760002DD82 /* EventManager.swift in Sources */ = {isa = PBXBuildFile; fileRef = F0701CBB24059D760002DD82 /* EventManager.swift */; };
		F0701CBE24059E3C0002DD82 /* EventListener.swift in Sources */ = {isa = PBXBuildFile; fileRef = F0701CBD24059E3C0002DD82 /* EventListener.swift */; };
		F08982982356A554003DB49B /* RulesListView.swift in Sources */ = {isa = PBXBuildFile; fileRef = F08982972356A554003DB49B /* RulesListView.swift */; };
		F089829A2356A633003DB49B /* RulesDetailView.swift in Sources */ = {isa = PBXBuildFile; fileRef = F08982992356A633003DB49B /* RulesDetailView.swift */; };
		F0925F33234B79BB00C01F72 /* RulesView.swift in Sources */ = {isa = PBXBuildFile; fileRef = F0925F32234B79BB00C01F72 /* RulesView.swift */; };
		F0934A3C2399E9D700884447 /* ProcessChainView.swift in Sources */ = {isa = PBXBuildFile; fileRef = F0934A3B2399E9D700884447 /* ProcessChainView.swift */; };
		F0934A3E23A02F0B00884447 /* CGMutablePathExtension.swift in Sources */ = {isa = PBXBuildFile; fileRef = F0934A3D23A02F0B00884447 /* CGMutablePathExtension.swift */; };
		F0934A4023A032AF00884447 /* ArrowShape.swift in Sources */ = {isa = PBXBuildFile; fileRef = F0934A3F23A032AF00884447 /* ArrowShape.swift */; };
		F0934A4223A1503900884447 /* ProtocolChainView.swift in Sources */ = {isa = PBXBuildFile; fileRef = F0934A4123A1503900884447 /* ProtocolChainView.swift */; };
		F0C157D0236A39570082F7E3 /* area.json in Resources */ = {isa = PBXBuildFile; fileRef = F0C157CF236A39570082F7E3 /* area.json */; };
		F0D065E023064E300076A1AC /* Protocol.swift in Sources */ = {isa = PBXBuildFile; fileRef = F0D065DF23064E300076A1AC /* Protocol.swift */; };
		F0D065E3230652BD0076A1AC /* protocols.json in Resources */ = {isa = PBXBuildFile; fileRef = F0D065E2230652BD0076A1AC /* protocols.json */; };
		F0D065E5230654120076A1AC /* DNSRecords.swift in Sources */ = {isa = PBXBuildFile; fileRef = F0D065E4230654120076A1AC /* DNSRecords.swift */; };
		F0D065E7230656A00076A1AC /* ProtocolCache.swift in Sources */ = {isa = PBXBuildFile; fileRef = F0D065E6230656A00076A1AC /* ProtocolCache.swift */; };
		F0DA1B9F2301C50400D07905 /* Main.swift in Sources */ = {isa = PBXBuildFile; fileRef = F0DA1B9E2301C50400D07905 /* Main.swift */; };
		F0DA1BA12301C6EA00D07905 /* ViewState.swift in Sources */ = {isa = PBXBuildFile; fileRef = F0DA1BA02301C6EA00D07905 /* ViewState.swift */; };
		F0DA1BA32301EC8B00D07905 /* ConnectionRowView.swift in Sources */ = {isa = PBXBuildFile; fileRef = F0DA1BA22301EC8B00D07905 /* ConnectionRowView.swift */; };
		F0DA1BA52303206800D07905 /* ConnectionIconView.swift in Sources */ = {isa = PBXBuildFile; fileRef = F0DA1BA42303206800D07905 /* ConnectionIconView.swift */; };
		F0DA1BA72303530700D07905 /* ConnectionListView.swift in Sources */ = {isa = PBXBuildFile; fileRef = F0DA1BA62303530600D07905 /* ConnectionListView.swift */; };
		F0E4F82422BBE4E000A38601 /* AppDelegate.swift in Sources */ = {isa = PBXBuildFile; fileRef = F0E4F82322BBE4E000A38601 /* AppDelegate.swift */; };
		F0E4F82622BBE4E000A38601 /* ConnectionsView.swift in Sources */ = {isa = PBXBuildFile; fileRef = F0E4F82522BBE4E000A38601 /* ConnectionsView.swift */; };
		F0E4F82822BBE4E200A38601 /* Assets.xcassets in Resources */ = {isa = PBXBuildFile; fileRef = F0E4F82722BBE4E200A38601 /* Assets.xcassets */; };
		F0E4F82B22BBE4E200A38601 /* Preview Assets.xcassets in Resources */ = {isa = PBXBuildFile; fileRef = F0E4F82A22BBE4E200A38601 /* Preview Assets.xcassets */; };
		F0E4F82E22BBE4E200A38601 /* Main.storyboard in Resources */ = {isa = PBXBuildFile; fileRef = F0E4F82C22BBE4E200A38601 /* Main.storyboard */; };
		F0E4F83A22BBE4E200A38601 /* clientTests.swift in Sources */ = {isa = PBXBuildFile; fileRef = F0E4F83922BBE4E200A38601 /* clientTests.swift */; };
		F0E4F84522BBE4E300A38601 /* clientUITests.swift in Sources */ = {isa = PBXBuildFile; fileRef = F0E4F84422BBE4E300A38601 /* clientUITests.swift */; };
		F0FB570E23576E4300AAB5F6 /* URLExtension.swift in Sources */ = {isa = PBXBuildFile; fileRef = F0FB570D23576E4300AAB5F6 /* URLExtension.swift */; };
		F0FB57102358AED900AAB5F6 /* OutcomeExtension.swift in Sources */ = {isa = PBXBuildFile; fileRef = F0FB570F2358AED900AAB5F6 /* OutcomeExtension.swift */; };
		F0FF0F5423CEA3F5001FFCB5 /* ConnectionsViewHeader.swift in Sources */ = {isa = PBXBuildFile; fileRef = F0FF0F5323CEA3F5001FFCB5 /* ConnectionsViewHeader.swift */; };
/* End PBXBuildFile section */

/* Begin PBXContainerItemProxy section */
		F0E4F83622BBE4E200A38601 /* PBXContainerItemProxy */ = {
			isa = PBXContainerItemProxy;
			containerPortal = F0E4F81822BBE4E000A38601 /* Project object */;
			proxyType = 1;
			remoteGlobalIDString = F0E4F81F22BBE4E000A38601;
			remoteInfo = client;
		};
		F0E4F84122BBE4E300A38601 /* PBXContainerItemProxy */ = {
			isa = PBXContainerItemProxy;
			containerPortal = F0E4F81822BBE4E000A38601 /* Project object */;
			proxyType = 1;
			remoteGlobalIDString = F0E4F81F22BBE4E000A38601;
			remoteInfo = client;
		};
/* End PBXContainerItemProxy section */

/* Begin PBXFileReference section */
		F008CBB722E8B32800791486 /* SwiftUI.framework */ = {isa = PBXFileReference; lastKnownFileType = wrapper.framework; name = SwiftUI.framework; path = System/Library/Frameworks/SwiftUI.framework; sourceTree = SDKROOT; };
		F016775E233D02D50018DA77 /* DecisionEngineTests.swift */ = {isa = PBXFileReference; lastKnownFileType = sourcecode.swift; path = DecisionEngineTests.swift; sourceTree = "<group>"; };
		F01677642342496C0018DA77 /* RulesDispatcher.swift */ = {isa = PBXFileReference; lastKnownFileType = sourcecode.swift; path = RulesDispatcher.swift; sourceTree = "<group>"; };
		F0260FD02379E01E002E2C5C /* GlobeShape.swift */ = {isa = PBXFileReference; lastKnownFileType = sourcecode.swift; path = GlobeShape.swift; sourceTree = "<group>"; };
		F0260FD4237C6297002E2C5C /* GlobeCapsuleView.swift */ = {isa = PBXFileReference; lastKnownFileType = sourcecode.swift; path = GlobeCapsuleView.swift; sourceTree = "<group>"; };
		F0260FD8237C9219002E2C5C /* ConnectionAmountShape.swift */ = {isa = PBXFileReference; lastKnownFileType = sourcecode.swift; path = ConnectionAmountShape.swift; sourceTree = "<group>"; };
		F0260FDC237DE533002E2C5C /* NotificationsManager.swift */ = {isa = PBXFileReference; fileEncoding = 4; lastKnownFileType = sourcecode.swift; path = NotificationsManager.swift; sourceTree = "<group>"; };
		F0269F34231F4D080067D3BA /* Outcome.swift */ = {isa = PBXFileReference; lastKnownFileType = sourcecode.swift; path = Outcome.swift; sourceTree = "<group>"; };
		F0269F3823201A7B0067D3BA /* ConnectionDirection.swift */ = {isa = PBXFileReference; lastKnownFileType = sourcecode.swift; path = ConnectionDirection.swift; sourceTree = "<group>"; };
		F0269F3A23201EFB0067D3BA /* TimeIntervalExtension.swift */ = {isa = PBXFileReference; lastKnownFileType = sourcecode.swift; path = TimeIntervalExtension.swift; sourceTree = "<group>"; };
		F028F8172339210D003EA345 /* rules.json */ = {isa = PBXFileReference; lastKnownFileType = text.json; path = rules.json; sourceTree = "<group>"; };
		F028F81D233B04DF003EA345 /* Rules.swift */ = {isa = PBXFileReference; lastKnownFileType = sourcecode.swift; path = Rules.swift; sourceTree = "<group>"; };
		F02EAC5323282928008186E7 /* DecisionEngine.swift */ = {isa = PBXFileReference; lastKnownFileType = sourcecode.swift; path = DecisionEngine.swift; sourceTree = "<group>"; };
		F0331F832360EDB100A634D5 /* ConnectionCombinedGraphView.swift */ = {isa = PBXFileReference; lastKnownFileType = sourcecode.swift; path = ConnectionCombinedGraphView.swift; sourceTree = "<group>"; };
		F0331F872360F44000A634D5 /* Graph.swift */ = {isa = PBXFileReference; lastKnownFileType = sourcecode.swift; path = Graph.swift; sourceTree = "<group>"; };
		F0331F892363607F00A634D5 /* GraphTests.swift */ = {isa = PBXFileReference; lastKnownFileType = sourcecode.swift; path = GraphTests.swift; sourceTree = "<group>"; };
		F042BDD92343995700965781 /* preferences.plist */ = {isa = PBXFileReference; lastKnownFileType = text.plist.xml; path = preferences.plist; sourceTree = "<group>"; };
		F042BDDB23439A6D00965781 /* Preferences.swift */ = {isa = PBXFileReference; lastKnownFileType = sourcecode.swift; path = Preferences.swift; sourceTree = "<group>"; };
		F042BDDD23439C6000965781 /* PreferencesTests.swift */ = {isa = PBXFileReference; lastKnownFileType = sourcecode.swift; path = PreferencesTests.swift; sourceTree = "<group>"; };
		F042BDE02343A02C00965781 /* ProtocolCacheTests.swift */ = {isa = PBXFileReference; lastKnownFileType = sourcecode.swift; path = ProtocolCacheTests.swift; sourceTree = "<group>"; };
		F043D4A0230DC35300746BED /* DateExtension.swift */ = {isa = PBXFileReference; lastKnownFileType = sourcecode.swift; path = DateExtension.swift; sourceTree = "<group>"; };
		F043D4A2230DC51A00746BED /* ConnectionStateType.swift */ = {isa = PBXFileReference; lastKnownFileType = sourcecode.swift; path = ConnectionStateType.swift; sourceTree = "<group>"; };
		F047056B22F34C470082D593 /* ConnectionDetailsView.swift */ = {isa = PBXFileReference; lastKnownFileType = sourcecode.swift; path = ConnectionDetailsView.swift; sourceTree = "<group>"; };
		F052C9EA22C1278D005DE1D7 /* Consumer.swift */ = {isa = PBXFileReference; lastKnownFileType = sourcecode.swift; path = Consumer.swift; sourceTree = "<group>"; };
		F052C9EC22C163A2005DE1D7 /* KextComm.swift */ = {isa = PBXFileReference; lastKnownFileType = sourcecode.swift; path = KextComm.swift; sourceTree = "<group>"; };
		F052C9EE22C1740A005DE1D7 /* Helpers.swift */ = {isa = PBXFileReference; lastKnownFileType = sourcecode.swift; path = Helpers.swift; sourceTree = "<group>"; };
		F052C9F022C1743D005DE1D7 /* FirewallEvent.swift */ = {isa = PBXFileReference; lastKnownFileType = sourcecode.swift; path = FirewallEvent.swift; sourceTree = "<group>"; };
		F052C9F222C17531005DE1D7 /* client-Bridging-Header.h */ = {isa = PBXFileReference; lastKnownFileType = sourcecode.c.h; path = "client-Bridging-Header.h"; sourceTree = "<group>"; };
		F052C9F322C17531005DE1D7 /* kext-helpers.h */ = {isa = PBXFileReference; lastKnownFileType = sourcecode.c.h; path = "kext-helpers.h"; sourceTree = "<group>"; };
		F052C9F422C17531005DE1D7 /* kext-helpers.c */ = {isa = PBXFileReference; lastKnownFileType = sourcecode.c.c; path = "kext-helpers.c"; sourceTree = "<group>"; };
		F052C9F722C17570005DE1D7 /* payload.h */ = {isa = PBXFileReference; lastKnownFileType = sourcecode.c.h; path = payload.h; sourceTree = "<group>"; };
		F052C9F822C17606005DE1D7 /* BundleExtension.swift */ = {isa = PBXFileReference; lastKnownFileType = sourcecode.swift; path = BundleExtension.swift; sourceTree = "<group>"; };
		F052C9FC22C17699005DE1D7 /* Connection.swift */ = {isa = PBXFileReference; lastKnownFileType = sourcecode.swift; path = Connection.swift; sourceTree = "<group>"; };
		F052CA0022C3C77F005DE1D7 /* ConnectionState.swift */ = {isa = PBXFileReference; lastKnownFileType = sourcecode.swift; path = ConnectionState.swift; sourceTree = "<group>"; };
		F054A6CD23D0E1F800B67460 /* ServiceState.swift */ = {isa = PBXFileReference; lastKnownFileType = sourcecode.swift; path = ServiceState.swift; sourceTree = "<group>"; };
		F054A6D123D0E97C00B67460 /* ServiceStateTests.swift */ = {isa = PBXFileReference; lastKnownFileType = sourcecode.swift; path = ServiceStateTests.swift; sourceTree = "<group>"; };
		F058177D238C2D35007F2D85 /* FilterCategory.swift */ = {isa = PBXFileReference; lastKnownFileType = sourcecode.swift; path = FilterCategory.swift; sourceTree = "<group>"; };
		F06CF75C239219AB00C7130B /* transformed_countries.json */ = {isa = PBXFileReference; fileEncoding = 4; lastKnownFileType = text.json; path = transformed_countries.json; sourceTree = "<group>"; };
		F0701C9023F4894E0002DD82 /* IP2LOCATION-LITE-DB11.BIN */ = {isa = PBXFileReference; lastKnownFileType = archive.macbinary; path = "IP2LOCATION-LITE-DB11.BIN"; sourceTree = "<group>"; };
		F0701C9523FC595B0002DD82 /* IPAddress.swift */ = {isa = PBXFileReference; lastKnownFileType = sourcecode.swift; path = IPAddress.swift; sourceTree = "<group>"; };
		F0701C9723FC7C2B0002DD82 /* SocketAddress.swift */ = {isa = PBXFileReference; lastKnownFileType = sourcecode.swift; path = SocketAddress.swift; sourceTree = "<group>"; };
		F0701C9923FC83A30002DD82 /* IPAddressTests.swift */ = {isa = PBXFileReference; lastKnownFileType = sourcecode.swift; path = IPAddressTests.swift; sourceTree = "<group>"; };
		F0701C9B23FDA2110002DD82 /* SocketAddressTests.swift */ = {isa = PBXFileReference; lastKnownFileType = sourcecode.swift; path = SocketAddressTests.swift; sourceTree = "<group>"; };
		F0701C9D23FDB23C0002DD82 /* Processes.swift */ = {isa = PBXFileReference; lastKnownFileType = sourcecode.swift; path = Processes.swift; sourceTree = "<group>"; };
		F0701C9F23FDB5AF0002DD82 /* ProcessesTests.swift */ = {isa = PBXFileReference; lastKnownFileType = sourcecode.swift; path = ProcessesTests.swift; sourceTree = "<group>"; };
		F0701CA424022AE70002DD82 /* DNSCache.swift */ = {isa = PBXFileReference; lastKnownFileType = sourcecode.swift; path = DNSCache.swift; sourceTree = "<group>"; };
		F0701CAB240231DB0002DD82 /* HashTestFile.txt */ = {isa = PBXFileReference; lastKnownFileType = text; path = HashTestFile.txt; sourceTree = "<group>"; };
		F0701CB5240596170002DD82 /* EventType.swift */ = {isa = PBXFileReference; lastKnownFileType = sourcecode.swift; path = EventType.swift; sourceTree = "<group>"; };
		F0701CB7240596C60002DD82 /* BaseEvent.swift */ = {isa = PBXFileReference; lastKnownFileType = sourcecode.swift; path = BaseEvent.swift; sourceTree = "<group>"; };
		F0701CB92405976B0002DD82 /* ConnectionChangedEvent.swift */ = {isa = PBXFileReference; lastKnownFileType = sourcecode.swift; path = ConnectionChangedEvent.swift; sourceTree = "<group>"; };
		F0701CBB24059D760002DD82 /* EventManager.swift */ = {isa = PBXFileReference; lastKnownFileType = sourcecode.swift; path = EventManager.swift; sourceTree = "<group>"; };
		F0701CBD24059E3C0002DD82 /* EventListener.swift */ = {isa = PBXFileReference; lastKnownFileType = sourcecode.swift; path = EventListener.swift; sourceTree = "<group>"; };
		F08982972356A554003DB49B /* RulesListView.swift */ = {isa = PBXFileReference; lastKnownFileType = sourcecode.swift; path = RulesListView.swift; sourceTree = "<group>"; };
		F08982992356A633003DB49B /* RulesDetailView.swift */ = {isa = PBXFileReference; lastKnownFileType = sourcecode.swift; path = RulesDetailView.swift; sourceTree = "<group>"; };
		F0925F32234B79BB00C01F72 /* RulesView.swift */ = {isa = PBXFileReference; lastKnownFileType = sourcecode.swift; path = RulesView.swift; sourceTree = "<group>"; };
		F0934A3B2399E9D700884447 /* ProcessChainView.swift */ = {isa = PBXFileReference; lastKnownFileType = sourcecode.swift; path = ProcessChainView.swift; sourceTree = "<group>"; };
		F0934A3D23A02F0B00884447 /* CGMutablePathExtension.swift */ = {isa = PBXFileReference; lastKnownFileType = sourcecode.swift; path = CGMutablePathExtension.swift; sourceTree = "<group>"; };
		F0934A3F23A032AF00884447 /* ArrowShape.swift */ = {isa = PBXFileReference; lastKnownFileType = sourcecode.swift; path = ArrowShape.swift; sourceTree = "<group>"; };
		F0934A4123A1503900884447 /* ProtocolChainView.swift */ = {isa = PBXFileReference; lastKnownFileType = sourcecode.swift; path = ProtocolChainView.swift; sourceTree = "<group>"; };
		F0C157CF236A39570082F7E3 /* area.json */ = {isa = PBXFileReference; fileEncoding = 4; lastKnownFileType = text.json; path = area.json; sourceTree = "<group>"; };
		F0D065DF23064E300076A1AC /* Protocol.swift */ = {isa = PBXFileReference; lastKnownFileType = sourcecode.swift; path = Protocol.swift; sourceTree = "<group>"; };
		F0D065E2230652BD0076A1AC /* protocols.json */ = {isa = PBXFileReference; lastKnownFileType = text.json; path = protocols.json; sourceTree = "<group>"; };
		F0D065E4230654120076A1AC /* DNSRecords.swift */ = {isa = PBXFileReference; lastKnownFileType = sourcecode.swift; path = DNSRecords.swift; sourceTree = "<group>"; };
		F0D065E6230656A00076A1AC /* ProtocolCache.swift */ = {isa = PBXFileReference; lastKnownFileType = sourcecode.swift; path = ProtocolCache.swift; sourceTree = "<group>"; };
		F0DA1B9E2301C50400D07905 /* Main.swift */ = {isa = PBXFileReference; lastKnownFileType = sourcecode.swift; path = Main.swift; sourceTree = "<group>"; };
		F0DA1BA02301C6EA00D07905 /* ViewState.swift */ = {isa = PBXFileReference; lastKnownFileType = sourcecode.swift; path = ViewState.swift; sourceTree = "<group>"; };
		F0DA1BA22301EC8B00D07905 /* ConnectionRowView.swift */ = {isa = PBXFileReference; lastKnownFileType = sourcecode.swift; path = ConnectionRowView.swift; sourceTree = "<group>"; };
		F0DA1BA42303206800D07905 /* ConnectionIconView.swift */ = {isa = PBXFileReference; lastKnownFileType = sourcecode.swift; path = ConnectionIconView.swift; sourceTree = "<group>"; };
		F0DA1BA62303530600D07905 /* ConnectionListView.swift */ = {isa = PBXFileReference; lastKnownFileType = sourcecode.swift; path = ConnectionListView.swift; sourceTree = "<group>"; };
		F0E4F82022BBE4E000A38601 /* ZeroTrust FW.app */ = {isa = PBXFileReference; explicitFileType = wrapper.application; includeInIndex = 0; path = "ZeroTrust FW.app"; sourceTree = BUILT_PRODUCTS_DIR; };
		F0E4F82322BBE4E000A38601 /* AppDelegate.swift */ = {isa = PBXFileReference; lastKnownFileType = sourcecode.swift; path = AppDelegate.swift; sourceTree = "<group>"; };
		F0E4F82522BBE4E000A38601 /* ConnectionsView.swift */ = {isa = PBXFileReference; lastKnownFileType = sourcecode.swift; path = ConnectionsView.swift; sourceTree = "<group>"; };
		F0E4F82722BBE4E200A38601 /* Assets.xcassets */ = {isa = PBXFileReference; lastKnownFileType = folder.assetcatalog; path = Assets.xcassets; sourceTree = "<group>"; };
		F0E4F82A22BBE4E200A38601 /* Preview Assets.xcassets */ = {isa = PBXFileReference; lastKnownFileType = folder.assetcatalog; path = "Preview Assets.xcassets"; sourceTree = "<group>"; };
		F0E4F82D22BBE4E200A38601 /* Base */ = {isa = PBXFileReference; lastKnownFileType = file.storyboard; name = Base; path = Base.lproj/Main.storyboard; sourceTree = "<group>"; };
		F0E4F82F22BBE4E200A38601 /* Info.plist */ = {isa = PBXFileReference; lastKnownFileType = text.plist.xml; path = Info.plist; sourceTree = "<group>"; };
		F0E4F83022BBE4E200A38601 /* client.entitlements */ = {isa = PBXFileReference; lastKnownFileType = text.plist.entitlements; path = client.entitlements; sourceTree = "<group>"; };
		F0E4F83522BBE4E200A38601 /* ZeroTrust FWTests.xctest */ = {isa = PBXFileReference; explicitFileType = wrapper.cfbundle; includeInIndex = 0; path = "ZeroTrust FWTests.xctest"; sourceTree = BUILT_PRODUCTS_DIR; };
		F0E4F83922BBE4E200A38601 /* clientTests.swift */ = {isa = PBXFileReference; lastKnownFileType = sourcecode.swift; path = clientTests.swift; sourceTree = "<group>"; };
		F0E4F83B22BBE4E200A38601 /* Info.plist */ = {isa = PBXFileReference; lastKnownFileType = text.plist.xml; path = Info.plist; sourceTree = "<group>"; };
		F0E4F84022BBE4E300A38601 /* ZeroTrust FWUITests.xctest */ = {isa = PBXFileReference; explicitFileType = wrapper.cfbundle; includeInIndex = 0; path = "ZeroTrust FWUITests.xctest"; sourceTree = BUILT_PRODUCTS_DIR; };
		F0E4F84422BBE4E300A38601 /* clientUITests.swift */ = {isa = PBXFileReference; lastKnownFileType = sourcecode.swift; path = clientUITests.swift; sourceTree = "<group>"; };
		F0E4F84622BBE4E300A38601 /* Info.plist */ = {isa = PBXFileReference; lastKnownFileType = text.plist.xml; path = Info.plist; sourceTree = "<group>"; };
		F0FB570D23576E4300AAB5F6 /* URLExtension.swift */ = {isa = PBXFileReference; lastKnownFileType = sourcecode.swift; path = URLExtension.swift; sourceTree = "<group>"; };
		F0FB570F2358AED900AAB5F6 /* OutcomeExtension.swift */ = {isa = PBXFileReference; lastKnownFileType = sourcecode.swift; path = OutcomeExtension.swift; sourceTree = "<group>"; };
		F0FF0F5323CEA3F5001FFCB5 /* ConnectionsViewHeader.swift */ = {isa = PBXFileReference; lastKnownFileType = sourcecode.swift; path = ConnectionsViewHeader.swift; sourceTree = "<group>"; };
/* End PBXFileReference section */

/* Begin PBXFrameworksBuildPhase section */
		F0E4F81D22BBE4E000A38601 /* Frameworks */ = {
			isa = PBXFrameworksBuildPhase;
			buildActionMask = 2147483647;
			files = (
				F0701C9423F48ED10002DD82 /* Logging in Frameworks */,
				F008CBB822E8B32800791486 /* SwiftUI.framework in Frameworks */,
				F0701C8F23F4838E0002DD82 /* IP2Location in Frameworks */,
			);
			runOnlyForDeploymentPostprocessing = 0;
		};
		F0E4F83222BBE4E200A38601 /* Frameworks */ = {
			isa = PBXFrameworksBuildPhase;
			buildActionMask = 2147483647;
			files = (
			);
			runOnlyForDeploymentPostprocessing = 0;
		};
		F0E4F83D22BBE4E300A38601 /* Frameworks */ = {
			isa = PBXFrameworksBuildPhase;
			buildActionMask = 2147483647;
			files = (
			);
			runOnlyForDeploymentPostprocessing = 0;
		};
/* End PBXFrameworksBuildPhase section */

/* Begin PBXGroup section */
		F008CBB622E8B32800791486 /* Frameworks */ = {
			isa = PBXGroup;
			children = (
				F008CBB722E8B32800791486 /* SwiftUI.framework */,
			);
			name = Frameworks;
			sourceTree = "<group>";
		};
		F00A491522F20445006932A0 /* Views */ = {
			isa = PBXGroup;
			children = (
				F0E4F82522BBE4E000A38601 /* ConnectionsView.swift */,
				F047056B22F34C470082D593 /* ConnectionDetailsView.swift */,
				F0DA1BA22301EC8B00D07905 /* ConnectionRowView.swift */,
				F0DA1BA42303206800D07905 /* ConnectionIconView.swift */,
				F0DA1BA62303530600D07905 /* ConnectionListView.swift */,
				F0925F32234B79BB00C01F72 /* RulesView.swift */,
				F08982972356A554003DB49B /* RulesListView.swift */,
				F08982992356A633003DB49B /* RulesDetailView.swift */,
				F0331F832360EDB100A634D5 /* ConnectionCombinedGraphView.swift */,
				F0260FD02379E01E002E2C5C /* GlobeShape.swift */,
				F0260FD4237C6297002E2C5C /* GlobeCapsuleView.swift */,
				F0260FD8237C9219002E2C5C /* ConnectionAmountShape.swift */,
				F0934A3B2399E9D700884447 /* ProcessChainView.swift */,
				F0934A3F23A032AF00884447 /* ArrowShape.swift */,
				F0934A4123A1503900884447 /* ProtocolChainView.swift */,
				F0FF0F5323CEA3F5001FFCB5 /* ConnectionsViewHeader.swift */,
			);
			path = Views;
			sourceTree = "<group>";
		};
		F0331F802360B7DE00A634D5 /* Protocols */ = {
			isa = PBXGroup;
			children = (
			);
			path = Protocols;
			sourceTree = "<group>";
		};
		F043D49F230DC32E00746BED /* Extensions */ = {
			isa = PBXGroup;
			children = (
				F052C9F822C17606005DE1D7 /* BundleExtension.swift */,
				F043D4A0230DC35300746BED /* DateExtension.swift */,
				F0269F3A23201EFB0067D3BA /* TimeIntervalExtension.swift */,
				F0FB570D23576E4300AAB5F6 /* URLExtension.swift */,
				F0FB570F2358AED900AAB5F6 /* OutcomeExtension.swift */,
				F0934A3D23A02F0B00884447 /* CGMutablePathExtension.swift */,
			);
			path = Extensions;
			sourceTree = "<group>";
		};
		F052C9F622C17540005DE1D7 /* Include */ = {
			isa = PBXGroup;
			children = (
				F052C9F322C17531005DE1D7 /* kext-helpers.h */,
				F052C9F722C17570005DE1D7 /* payload.h */,
			);
			path = Include;
			sourceTree = "<group>";
		};
		F052C9FB22C17678005DE1D7 /* Models */ = {
			isa = PBXGroup;
			children = (
				F052C9F022C1743D005DE1D7 /* FirewallEvent.swift */,
				F052C9FC22C17699005DE1D7 /* Connection.swift */,
				F0DA1BA02301C6EA00D07905 /* ViewState.swift */,
				F0D065DF23064E300076A1AC /* Protocol.swift */,
				F0D065E4230654120076A1AC /* DNSRecords.swift */,
				F043D4A2230DC51A00746BED /* ConnectionStateType.swift */,
				F0269F34231F4D080067D3BA /* Outcome.swift */,
				F0269F3823201A7B0067D3BA /* ConnectionDirection.swift */,
				F028F81D233B04DF003EA345 /* Rules.swift */,
				F0331F872360F44000A634D5 /* Graph.swift */,
				F058177D238C2D35007F2D85 /* FilterCategory.swift */,
				F054A6CD23D0E1F800B67460 /* ServiceState.swift */,
				F0701C9523FC595B0002DD82 /* IPAddress.swift */,
				F0701C9723FC7C2B0002DD82 /* SocketAddress.swift */,
				F0701C9D23FDB23C0002DD82 /* Processes.swift */,
			);
			path = Models;
			sourceTree = "<group>";
		};
		F0701CA224022A810002DD82 /* Caches */ = {
			isa = PBXGroup;
			children = (
				F0D065E6230656A00076A1AC /* ProtocolCache.swift */,
				F0701CA424022AE70002DD82 /* DNSCache.swift */,
			);
			path = Caches;
			sourceTree = "<group>";
		};
		F0701CA8240231590002DD82 /* Caches */ = {
			isa = PBXGroup;
			children = (
				F042BDE02343A02C00965781 /* ProtocolCacheTests.swift */,
			);
			path = Caches;
			sourceTree = "<group>";
		};
		F0701CAE2404394C0002DD82 /* Models */ = {
			isa = PBXGroup;
			children = (
				F0701C9923FC83A30002DD82 /* IPAddressTests.swift */,
				F0701C9B23FDA2110002DD82 /* SocketAddressTests.swift */,
				F0701C9F23FDB5AF0002DD82 /* ProcessesTests.swift */,
				F0701CAB240231DB0002DD82 /* HashTestFile.txt */,
				F054A6D123D0E97C00B67460 /* ServiceStateTests.swift */,
				F0331F892363607F00A634D5 /* GraphTests.swift */,
			);
			path = Models;
			sourceTree = "<group>";
		};
		F0701CB4240596070002DD82 /* Events */ = {
			isa = PBXGroup;
			children = (
				F0701CB5240596170002DD82 /* EventType.swift */,
				F0701CB7240596C60002DD82 /* BaseEvent.swift */,
				F0701CB92405976B0002DD82 /* ConnectionChangedEvent.swift */,
				F0701CBB24059D760002DD82 /* EventManager.swift */,
				F0701CBD24059E3C0002DD82 /* EventListener.swift */,
			);
			path = Events;
			sourceTree = "<group>";
		};
		F0D065E1230652830076A1AC /* Resources */ = {
			isa = PBXGroup;
			children = (
				F0701C9023F4894E0002DD82 /* IP2LOCATION-LITE-DB11.BIN */,
				F06CF75C239219AB00C7130B /* transformed_countries.json */,
				F0C157CF236A39570082F7E3 /* area.json */,
				F0D065E2230652BD0076A1AC /* protocols.json */,
				F028F8172339210D003EA345 /* rules.json */,
			);
			path = Resources;
			sourceTree = "<group>";
		};
		F0E4F81722BBE4E000A38601 = {
			isa = PBXGroup;
			children = (
				F0E4F82222BBE4E000A38601 /* client */,
				F0E4F83822BBE4E200A38601 /* clientTests */,
				F0E4F84322BBE4E300A38601 /* clientUITests */,
				F0E4F82122BBE4E000A38601 /* Products */,
				F008CBB622E8B32800791486 /* Frameworks */,
			);
			sourceTree = "<group>";
		};
		F0E4F82122BBE4E000A38601 /* Products */ = {
			isa = PBXGroup;
			children = (
				F0E4F82022BBE4E000A38601 /* ZeroTrust FW.app */,
				F0E4F83522BBE4E200A38601 /* ZeroTrust FWTests.xctest */,
				F0E4F84022BBE4E300A38601 /* ZeroTrust FWUITests.xctest */,
			);
			name = Products;
			sourceTree = "<group>";
		};
		F0E4F82222BBE4E000A38601 /* client */ = {
			isa = PBXGroup;
			children = (
				F0701CB4240596070002DD82 /* Events */,
				F0701CA224022A810002DD82 /* Caches */,
				F0331F802360B7DE00A634D5 /* Protocols */,
				F043D49F230DC32E00746BED /* Extensions */,
				F0D065E1230652830076A1AC /* Resources */,
				F00A491522F20445006932A0 /* Views */,
				F052C9FB22C17678005DE1D7 /* Models */,
				F052C9F622C17540005DE1D7 /* Include */,
				F0E4F82322BBE4E000A38601 /* AppDelegate.swift */,
				F0E4F82722BBE4E200A38601 /* Assets.xcassets */,
				F0E4F82C22BBE4E200A38601 /* Main.storyboard */,
				F0E4F82F22BBE4E200A38601 /* Info.plist */,
				F0E4F83022BBE4E200A38601 /* client.entitlements */,
				F0E4F82922BBE4E200A38601 /* Preview Content */,
				F052C9EA22C1278D005DE1D7 /* Consumer.swift */,
				F052C9EC22C163A2005DE1D7 /* KextComm.swift */,
				F052C9EE22C1740A005DE1D7 /* Helpers.swift */,
				F052C9F422C17531005DE1D7 /* kext-helpers.c */,
				F052C9F222C17531005DE1D7 /* client-Bridging-Header.h */,
				F052CA0022C3C77F005DE1D7 /* ConnectionState.swift */,
				F0DA1B9E2301C50400D07905 /* Main.swift */,
				F02EAC5323282928008186E7 /* DecisionEngine.swift */,
				F01677642342496C0018DA77 /* RulesDispatcher.swift */,
				F042BDD92343995700965781 /* preferences.plist */,
				F042BDDB23439A6D00965781 /* Preferences.swift */,
				F0260FDC237DE533002E2C5C /* NotificationsManager.swift */,
			);
			path = client;
			sourceTree = "<group>";
		};
		F0E4F82922BBE4E200A38601 /* Preview Content */ = {
			isa = PBXGroup;
			children = (
				F0E4F82A22BBE4E200A38601 /* Preview Assets.xcassets */,
			);
			path = "Preview Content";
			sourceTree = "<group>";
		};
		F0E4F83822BBE4E200A38601 /* clientTests */ = {
			isa = PBXGroup;
			children = (
				F0701CAE2404394C0002DD82 /* Models */,
				F0701CA8240231590002DD82 /* Caches */,
				F0E4F83922BBE4E200A38601 /* clientTests.swift */,
				F0E4F83B22BBE4E200A38601 /* Info.plist */,
				F016775E233D02D50018DA77 /* DecisionEngineTests.swift */,
				F042BDDD23439C6000965781 /* PreferencesTests.swift */,
			);
			path = clientTests;
			sourceTree = "<group>";
		};
		F0E4F84322BBE4E300A38601 /* clientUITests */ = {
			isa = PBXGroup;
			children = (
				F0E4F84422BBE4E300A38601 /* clientUITests.swift */,
				F0E4F84622BBE4E300A38601 /* Info.plist */,
			);
			path = clientUITests;
			sourceTree = "<group>";
		};
/* End PBXGroup section */

/* Begin PBXNativeTarget section */
		F0E4F81F22BBE4E000A38601 /* ZeroTrust FW */ = {
			isa = PBXNativeTarget;
			buildConfigurationList = F0E4F84922BBE4E300A38601 /* Build configuration list for PBXNativeTarget "ZeroTrust FW" */;
			buildPhases = (
				F0E4F81C22BBE4E000A38601 /* Sources */,
				F0E4F81D22BBE4E000A38601 /* Frameworks */,
				F0E4F81E22BBE4E000A38601 /* Resources */,
			);
			buildRules = (
			);
			dependencies = (
			);
			name = "ZeroTrust FW";
			packageProductDependencies = (
				F0701C8E23F4838E0002DD82 /* IP2Location */,
				F0701C9323F48ED10002DD82 /* Logging */,
			);
			productName = client;
			productReference = F0E4F82022BBE4E000A38601 /* ZeroTrust FW.app */;
			productType = "com.apple.product-type.application";
		};
		F0E4F83422BBE4E200A38601 /* ZeroTrust FWTests */ = {
			isa = PBXNativeTarget;
			buildConfigurationList = F0E4F84C22BBE4E300A38601 /* Build configuration list for PBXNativeTarget "ZeroTrust FWTests" */;
			buildPhases = (
				F0E4F83122BBE4E200A38601 /* Sources */,
				F0E4F83222BBE4E200A38601 /* Frameworks */,
				F0E4F83322BBE4E200A38601 /* Resources */,
			);
			buildRules = (
			);
			dependencies = (
				F0E4F83722BBE4E200A38601 /* PBXTargetDependency */,
			);
			name = "ZeroTrust FWTests";
			productName = clientTests;
			productReference = F0E4F83522BBE4E200A38601 /* ZeroTrust FWTests.xctest */;
			productType = "com.apple.product-type.bundle.unit-test";
		};
		F0E4F83F22BBE4E300A38601 /* ZeroTrust FWUITests */ = {
			isa = PBXNativeTarget;
			buildConfigurationList = F0E4F84F22BBE4E300A38601 /* Build configuration list for PBXNativeTarget "ZeroTrust FWUITests" */;
			buildPhases = (
				F0E4F83C22BBE4E300A38601 /* Sources */,
				F0E4F83D22BBE4E300A38601 /* Frameworks */,
				F0E4F83E22BBE4E300A38601 /* Resources */,
			);
			buildRules = (
			);
			dependencies = (
				F0E4F84222BBE4E300A38601 /* PBXTargetDependency */,
			);
			name = "ZeroTrust FWUITests";
			productName = clientUITests;
			productReference = F0E4F84022BBE4E300A38601 /* ZeroTrust FWUITests.xctest */;
			productType = "com.apple.product-type.bundle.ui-testing";
		};
/* End PBXNativeTarget section */

/* Begin PBXProject section */
		F0E4F81822BBE4E000A38601 /* Project object */ = {
			isa = PBXProject;
			attributes = {
				LastSwiftUpdateCheck = 1100;
				LastUpgradeCheck = 1100;
				ORGANIZATIONNAME = "Alex Lisle";
				TargetAttributes = {
					F0E4F81F22BBE4E000A38601 = {
						CreatedOnToolsVersion = 11.0;
						LastSwiftMigration = 1100;
					};
					F0E4F83422BBE4E200A38601 = {
						CreatedOnToolsVersion = 11.0;
						TestTargetID = F0E4F81F22BBE4E000A38601;
					};
					F0E4F83F22BBE4E300A38601 = {
						CreatedOnToolsVersion = 11.0;
						TestTargetID = F0E4F81F22BBE4E000A38601;
					};
				};
			};
			buildConfigurationList = F0E4F81B22BBE4E000A38601 /* Build configuration list for PBXProject "ZeroTrust FW" */;
			compatibilityVersion = "Xcode 9.3";
			developmentRegion = en;
			hasScannedForEncodings = 0;
			knownRegions = (
				en,
				Base,
			);
			mainGroup = F0E4F81722BBE4E000A38601;
			packageReferences = (
				F0701C8D23F4838E0002DD82 /* XCRemoteSwiftPackageReference "IP2Location-Swift" */,
				F0701C9223F48ED10002DD82 /* XCRemoteSwiftPackageReference "swift-log" */,
			);
			productRefGroup = F0E4F82122BBE4E000A38601 /* Products */;
			projectDirPath = "";
			projectRoot = "";
			targets = (
				F0E4F81F22BBE4E000A38601 /* ZeroTrust FW */,
				F0E4F83422BBE4E200A38601 /* ZeroTrust FWTests */,
				F0E4F83F22BBE4E300A38601 /* ZeroTrust FWUITests */,
			);
		};
/* End PBXProject section */

/* Begin PBXResourcesBuildPhase section */
		F0E4F81E22BBE4E000A38601 /* Resources */ = {
			isa = PBXResourcesBuildPhase;
			buildActionMask = 2147483647;
			files = (
				F0E4F82E22BBE4E200A38601 /* Main.storyboard in Resources */,
				F0701C9123F4894E0002DD82 /* IP2LOCATION-LITE-DB11.BIN in Resources */,
				F0E4F82B22BBE4E200A38601 /* Preview Assets.xcassets in Resources */,
				F06CF75D239219AB00C7130B /* transformed_countries.json in Resources */,
				F042BDDA2343995700965781 /* preferences.plist in Resources */,
				F0C157D0236A39570082F7E3 /* area.json in Resources */,
				F028F8182339210D003EA345 /* rules.json in Resources */,
				F0E4F82822BBE4E200A38601 /* Assets.xcassets in Resources */,
				F0D065E3230652BD0076A1AC /* protocols.json in Resources */,
			);
			runOnlyForDeploymentPostprocessing = 0;
		};
		F0E4F83322BBE4E200A38601 /* Resources */ = {
			isa = PBXResourcesBuildPhase;
			buildActionMask = 2147483647;
			files = (
				F0701CAC240231DB0002DD82 /* HashTestFile.txt in Resources */,
			);
			runOnlyForDeploymentPostprocessing = 0;
		};
		F0E4F83E22BBE4E300A38601 /* Resources */ = {
			isa = PBXResourcesBuildPhase;
			buildActionMask = 2147483647;
			files = (
			);
			runOnlyForDeploymentPostprocessing = 0;
		};
/* End PBXResourcesBuildPhase section */

/* Begin PBXSourcesBuildPhase section */
		F0E4F81C22BBE4E000A38601 /* Sources */ = {
			isa = PBXSourcesBuildPhase;
			buildActionMask = 2147483647;
			files = (
				F0331F882360F44000A634D5 /* Graph.swift in Sources */,
				F0701CBE24059E3C0002DD82 /* EventListener.swift in Sources */,
				F0D065E7230656A00076A1AC /* ProtocolCache.swift in Sources */,
				F0934A4223A1503900884447 /* ProtocolChainView.swift in Sources */,
				F0269F35231F4D080067D3BA /* Outcome.swift in Sources */,
				F043D4A1230DC35300746BED /* DateExtension.swift in Sources */,
				F042BDDC23439A6D00965781 /* Preferences.swift in Sources */,
				F052C9F122C1743D005DE1D7 /* FirewallEvent.swift in Sources */,
				F08982982356A554003DB49B /* RulesListView.swift in Sources */,
				F01677652342496C0018DA77 /* RulesDispatcher.swift in Sources */,
				F089829A2356A633003DB49B /* RulesDetailView.swift in Sources */,
				F0DA1BA52303206800D07905 /* ConnectionIconView.swift in Sources */,
				F0331F842360EDB100A634D5 /* ConnectionCombinedGraphView.swift in Sources */,
				F0701C9623FC595B0002DD82 /* IPAddress.swift in Sources */,
				F0D065E5230654120076A1AC /* DNSRecords.swift in Sources */,
				F0FF0F5423CEA3F5001FFCB5 /* ConnectionsViewHeader.swift in Sources */,
				F0260FD12379E01E002E2C5C /* GlobeShape.swift in Sources */,
				F028F81E233B04DF003EA345 /* Rules.swift in Sources */,
				F02EAC5423282928008186E7 /* DecisionEngine.swift in Sources */,
				F0269F3923201A7B0067D3BA /* ConnectionDirection.swift in Sources */,
				F0934A3C2399E9D700884447 /* ProcessChainView.swift in Sources */,
				F0DA1B9F2301C50400D07905 /* Main.swift in Sources */,
				F0FB570E23576E4300AAB5F6 /* URLExtension.swift in Sources */,
				F0E4F82622BBE4E000A38601 /* ConnectionsView.swift in Sources */,
				F0260FDD237DE533002E2C5C /* NotificationsManager.swift in Sources */,
				F052C9F922C17606005DE1D7 /* BundleExtension.swift in Sources */,
				F047056C22F34C470082D593 /* ConnectionDetailsView.swift in Sources */,
				F0925F33234B79BB00C01F72 /* RulesView.swift in Sources */,
				F052CA0122C3C77F005DE1D7 /* ConnectionState.swift in Sources */,
				F0DA1BA32301EC8B00D07905 /* ConnectionRowView.swift in Sources */,
				F052C9EF22C1740A005DE1D7 /* Helpers.swift in Sources */,
				F0D065E023064E300076A1AC /* Protocol.swift in Sources */,
				F052C9F522C17531005DE1D7 /* kext-helpers.c in Sources */,
				F054A6CE23D0E1F800B67460 /* ServiceState.swift in Sources */,
				F0260FD5237C6297002E2C5C /* GlobeCapsuleView.swift in Sources */,
				F052C9ED22C163A2005DE1D7 /* KextComm.swift in Sources */,
				F0701CB6240596170002DD82 /* EventType.swift in Sources */,
				F0934A3E23A02F0B00884447 /* CGMutablePathExtension.swift in Sources */,
				F043D4A3230DC51A00746BED /* ConnectionStateType.swift in Sources */,
				F0DA1BA12301C6EA00D07905 /* ViewState.swift in Sources */,
				F0701CBA2405976B0002DD82 /* ConnectionChangedEvent.swift in Sources */,
				F0934A4023A032AF00884447 /* ArrowShape.swift in Sources */,
				F0DA1BA72303530700D07905 /* ConnectionListView.swift in Sources */,
				F0701CBC24059D760002DD82 /* EventManager.swift in Sources */,
				F0269F3B23201EFB0067D3BA /* TimeIntervalExtension.swift in Sources */,
				F0701CB8240596C60002DD82 /* BaseEvent.swift in Sources */,
				F052C9FD22C17699005DE1D7 /* Connection.swift in Sources */,
				F0260FD9237C9219002E2C5C /* ConnectionAmountShape.swift in Sources */,
				F0E4F82422BBE4E000A38601 /* AppDelegate.swift in Sources */,
				F0701CA123FDEA530002DD82 /* Processes.swift in Sources */,
				F0701C9823FC7C2B0002DD82 /* SocketAddress.swift in Sources */,
				F0FB57102358AED900AAB5F6 /* OutcomeExtension.swift in Sources */,
				F052C9EB22C1278D005DE1D7 /* Consumer.swift in Sources */,
				F0701CA524022AE70002DD82 /* DNSCache.swift in Sources */,
				F058177E238C2D35007F2D85 /* FilterCategory.swift in Sources */,
			);
			runOnlyForDeploymentPostprocessing = 0;
		};
		F0E4F83122BBE4E200A38601 /* Sources */ = {
			isa = PBXSourcesBuildPhase;
			buildActionMask = 2147483647;
			files = (
				F042BDE22343A04B00965781 /* ProtocolCacheTests.swift in Sources */,
				F042BDDF23439C7400965781 /* PreferencesTests.swift in Sources */,
				F0E4F83A22BBE4E200A38601 /* clientTests.swift in Sources */,
				F0701CA023FDB5AF0002DD82 /* ProcessesTests.swift in Sources */,
				F054A6D223D0E97C00B67460 /* ServiceStateTests.swift in Sources */,
				F0331F8A2363607F00A634D5 /* GraphTests.swift in Sources */,
				F0701C9C23FDA2110002DD82 /* SocketAddressTests.swift in Sources */,
				F0167760233D083F0018DA77 /* DecisionEngineTests.swift in Sources */,
				F0701C9A23FC83A30002DD82 /* IPAddressTests.swift in Sources */,
			);
			runOnlyForDeploymentPostprocessing = 0;
		};
		F0E4F83C22BBE4E300A38601 /* Sources */ = {
			isa = PBXSourcesBuildPhase;
			buildActionMask = 2147483647;
			files = (
				F0E4F84522BBE4E300A38601 /* clientUITests.swift in Sources */,
			);
			runOnlyForDeploymentPostprocessing = 0;
		};
/* End PBXSourcesBuildPhase section */

/* Begin PBXTargetDependency section */
		F0E4F83722BBE4E200A38601 /* PBXTargetDependency */ = {
			isa = PBXTargetDependency;
			target = F0E4F81F22BBE4E000A38601 /* ZeroTrust FW */;
			targetProxy = F0E4F83622BBE4E200A38601 /* PBXContainerItemProxy */;
		};
		F0E4F84222BBE4E300A38601 /* PBXTargetDependency */ = {
			isa = PBXTargetDependency;
			target = F0E4F81F22BBE4E000A38601 /* ZeroTrust FW */;
			targetProxy = F0E4F84122BBE4E300A38601 /* PBXContainerItemProxy */;
		};
/* End PBXTargetDependency section */

/* Begin PBXVariantGroup section */
		F0E4F82C22BBE4E200A38601 /* Main.storyboard */ = {
			isa = PBXVariantGroup;
			children = (
				F0E4F82D22BBE4E200A38601 /* Base */,
			);
			name = Main.storyboard;
			sourceTree = "<group>";
		};
/* End PBXVariantGroup section */

/* Begin XCBuildConfiguration section */
		F0E4F84722BBE4E300A38601 /* Debug */ = {
			isa = XCBuildConfiguration;
			buildSettings = {
				ALWAYS_SEARCH_USER_PATHS = NO;
				CLANG_ANALYZER_NONNULL = YES;
				CLANG_ANALYZER_NUMBER_OBJECT_CONVERSION = YES_AGGRESSIVE;
				CLANG_CXX_LANGUAGE_STANDARD = "gnu++14";
				CLANG_CXX_LIBRARY = "libc++";
				CLANG_ENABLE_MODULES = YES;
				CLANG_ENABLE_OBJC_ARC = YES;
				CLANG_ENABLE_OBJC_WEAK = YES;
				CLANG_WARN_BLOCK_CAPTURE_AUTORELEASING = YES;
				CLANG_WARN_BOOL_CONVERSION = YES;
				CLANG_WARN_COMMA = YES;
				CLANG_WARN_CONSTANT_CONVERSION = YES;
				CLANG_WARN_DEPRECATED_OBJC_IMPLEMENTATIONS = YES;
				CLANG_WARN_DIRECT_OBJC_ISA_USAGE = YES_ERROR;
				CLANG_WARN_DOCUMENTATION_COMMENTS = YES;
				CLANG_WARN_EMPTY_BODY = YES;
				CLANG_WARN_ENUM_CONVERSION = YES;
				CLANG_WARN_INFINITE_RECURSION = YES;
				CLANG_WARN_INT_CONVERSION = YES;
				CLANG_WARN_NON_LITERAL_NULL_CONVERSION = YES;
				CLANG_WARN_OBJC_IMPLICIT_RETAIN_SELF = YES;
				CLANG_WARN_OBJC_LITERAL_CONVERSION = YES;
				CLANG_WARN_OBJC_ROOT_CLASS = YES_ERROR;
				CLANG_WARN_RANGE_LOOP_ANALYSIS = YES;
				CLANG_WARN_STRICT_PROTOTYPES = YES;
				CLANG_WARN_SUSPICIOUS_MOVE = YES;
				CLANG_WARN_UNGUARDED_AVAILABILITY = YES_AGGRESSIVE;
				CLANG_WARN_UNREACHABLE_CODE = YES;
				CLANG_WARN__DUPLICATE_METHOD_MATCH = YES;
				COPY_PHASE_STRIP = NO;
				DEBUG_INFORMATION_FORMAT = dwarf;
				ENABLE_STRICT_OBJC_MSGSEND = YES;
				ENABLE_TESTABILITY = YES;
				GCC_C_LANGUAGE_STANDARD = gnu11;
				GCC_DYNAMIC_NO_PIC = NO;
				GCC_NO_COMMON_BLOCKS = YES;
				GCC_OPTIMIZATION_LEVEL = 0;
				GCC_PREPROCESSOR_DEFINITIONS = (
					"DEBUG=1",
					"$(inherited)",
				);
				GCC_WARN_64_TO_32_BIT_CONVERSION = YES;
				GCC_WARN_ABOUT_RETURN_TYPE = YES_ERROR;
				GCC_WARN_UNDECLARED_SELECTOR = YES;
				GCC_WARN_UNINITIALIZED_AUTOS = YES_AGGRESSIVE;
				GCC_WARN_UNUSED_FUNCTION = YES;
				GCC_WARN_UNUSED_VARIABLE = YES;
				MACOSX_DEPLOYMENT_TARGET = 10.15;
				MTL_ENABLE_DEBUG_INFO = INCLUDE_SOURCE;
				MTL_FAST_MATH = YES;
				ONLY_ACTIVE_ARCH = YES;
				SDKROOT = macosx;
				SWIFT_ACTIVE_COMPILATION_CONDITIONS = DEBUG;
				SWIFT_OPTIMIZATION_LEVEL = "-Onone";
				SWIFT_VERSION = 5.0;
			};
			name = Debug;
		};
		F0E4F84822BBE4E300A38601 /* Release */ = {
			isa = XCBuildConfiguration;
			buildSettings = {
				ALWAYS_SEARCH_USER_PATHS = NO;
				CLANG_ANALYZER_NONNULL = YES;
				CLANG_ANALYZER_NUMBER_OBJECT_CONVERSION = YES_AGGRESSIVE;
				CLANG_CXX_LANGUAGE_STANDARD = "gnu++14";
				CLANG_CXX_LIBRARY = "libc++";
				CLANG_ENABLE_MODULES = YES;
				CLANG_ENABLE_OBJC_ARC = YES;
				CLANG_ENABLE_OBJC_WEAK = YES;
				CLANG_WARN_BLOCK_CAPTURE_AUTORELEASING = YES;
				CLANG_WARN_BOOL_CONVERSION = YES;
				CLANG_WARN_COMMA = YES;
				CLANG_WARN_CONSTANT_CONVERSION = YES;
				CLANG_WARN_DEPRECATED_OBJC_IMPLEMENTATIONS = YES;
				CLANG_WARN_DIRECT_OBJC_ISA_USAGE = YES_ERROR;
				CLANG_WARN_DOCUMENTATION_COMMENTS = YES;
				CLANG_WARN_EMPTY_BODY = YES;
				CLANG_WARN_ENUM_CONVERSION = YES;
				CLANG_WARN_INFINITE_RECURSION = YES;
				CLANG_WARN_INT_CONVERSION = YES;
				CLANG_WARN_NON_LITERAL_NULL_CONVERSION = YES;
				CLANG_WARN_OBJC_IMPLICIT_RETAIN_SELF = YES;
				CLANG_WARN_OBJC_LITERAL_CONVERSION = YES;
				CLANG_WARN_OBJC_ROOT_CLASS = YES_ERROR;
				CLANG_WARN_RANGE_LOOP_ANALYSIS = YES;
				CLANG_WARN_STRICT_PROTOTYPES = YES;
				CLANG_WARN_SUSPICIOUS_MOVE = YES;
				CLANG_WARN_UNGUARDED_AVAILABILITY = YES_AGGRESSIVE;
				CLANG_WARN_UNREACHABLE_CODE = YES;
				CLANG_WARN__DUPLICATE_METHOD_MATCH = YES;
				COPY_PHASE_STRIP = NO;
				DEBUG_INFORMATION_FORMAT = "dwarf-with-dsym";
				ENABLE_NS_ASSERTIONS = NO;
				ENABLE_STRICT_OBJC_MSGSEND = YES;
				GCC_C_LANGUAGE_STANDARD = gnu11;
				GCC_NO_COMMON_BLOCKS = YES;
				GCC_WARN_64_TO_32_BIT_CONVERSION = YES;
				GCC_WARN_ABOUT_RETURN_TYPE = YES_ERROR;
				GCC_WARN_UNDECLARED_SELECTOR = YES;
				GCC_WARN_UNINITIALIZED_AUTOS = YES_AGGRESSIVE;
				GCC_WARN_UNUSED_FUNCTION = YES;
				GCC_WARN_UNUSED_VARIABLE = YES;
				MACOSX_DEPLOYMENT_TARGET = 10.15;
				MTL_ENABLE_DEBUG_INFO = NO;
				MTL_FAST_MATH = YES;
				SDKROOT = macosx;
				SWIFT_COMPILATION_MODE = wholemodule;
				SWIFT_OPTIMIZATION_LEVEL = "-O";
				SWIFT_VERSION = 5.0;
			};
			name = Release;
		};
		F0E4F84A22BBE4E300A38601 /* Debug */ = {
			isa = XCBuildConfiguration;
			buildSettings = {
				ASSETCATALOG_COMPILER_APPICON_NAME = AppIcon;
				CLANG_ENABLE_MODULES = YES;
				CODE_SIGN_ENTITLEMENTS = client/client.entitlements;
				CODE_SIGN_IDENTITY = "Apple Development";
				CODE_SIGN_STYLE = Automatic;
				COMBINE_HIDPI_IMAGES = YES;
				DEVELOPMENT_ASSET_PATHS = "client/Preview\\ Content";
				DEVELOPMENT_TEAM = XQ3Q86P7E4;
				ENABLE_HARDENED_RUNTIME = YES;
				ENABLE_PREVIEWS = YES;
				FRAMEWORK_SEARCH_PATHS = "$(inherited)";
				INFOPLIST_FILE = client/Info.plist;
				LD_RUNPATH_SEARCH_PATHS = (
					"$(inherited)",
					"@executable_path/../Frameworks",
				);
				MACOSX_DEPLOYMENT_TARGET = 10.15;
				PRODUCT_BUNDLE_IDENTIFIER = "com.notrust.ZeroTrust-FW";
				PRODUCT_NAME = "$(TARGET_NAME)";
				PROVISIONING_PROFILE_SPECIFIER = "";
				SWIFT_OBJC_BRIDGING_HEADER = "client/client-Bridging-Header.h";
				SWIFT_OPTIMIZATION_LEVEL = "-Onone";
				SWIFT_VERSION = 5.0;
			};
			name = Debug;
		};
		F0E4F84B22BBE4E300A38601 /* Release */ = {
			isa = XCBuildConfiguration;
			buildSettings = {
				ASSETCATALOG_COMPILER_APPICON_NAME = AppIcon;
				CLANG_ENABLE_MODULES = YES;
				CODE_SIGN_ENTITLEMENTS = client/client.entitlements;
				CODE_SIGN_IDENTITY = "Apple Development";
				CODE_SIGN_STYLE = Automatic;
				COMBINE_HIDPI_IMAGES = YES;
				DEVELOPMENT_ASSET_PATHS = "client/Preview\\ Content";
				DEVELOPMENT_TEAM = XQ3Q86P7E4;
				ENABLE_HARDENED_RUNTIME = YES;
				ENABLE_PREVIEWS = YES;
				FRAMEWORK_SEARCH_PATHS = "";
				INFOPLIST_FILE = client/Info.plist;
				LD_RUNPATH_SEARCH_PATHS = (
					"$(inherited)",
					"@executable_path/../Frameworks",
				);
				MACOSX_DEPLOYMENT_TARGET = 10.15;
				PRODUCT_BUNDLE_IDENTIFIER = "com.notrust.ZeroTrust-FW";
				PRODUCT_NAME = "$(TARGET_NAME)";
				PROVISIONING_PROFILE_SPECIFIER = "";
				SWIFT_OBJC_BRIDGING_HEADER = "client/client-Bridging-Header.h";
				SWIFT_VERSION = 5.0;
			};
			name = Release;
		};
		F0E4F84D22BBE4E300A38601 /* Debug */ = {
			isa = XCBuildConfiguration;
			buildSettings = {
				ALWAYS_EMBED_SWIFT_STANDARD_LIBRARIES = YES;
				BUNDLE_LOADER = "$(TEST_HOST)";
				CODE_SIGN_STYLE = Automatic;
				COMBINE_HIDPI_IMAGES = YES;
				DEVELOPMENT_TEAM = XQ3Q86P7E4;
				FRAMEWORK_SEARCH_PATHS = (
					"$(inherited)",
					"$(PROJECT_DIR)/Carthage/Build/Mac",
				);
				INFOPLIST_FILE = clientTests/Info.plist;
				LD_RUNPATH_SEARCH_PATHS = (
					"$(inherited)",
					"@executable_path/../Frameworks",
					"@loader_path/../Frameworks",
				);
				PRODUCT_BUNDLE_IDENTIFIER = com.notrust.clientTests;
				PRODUCT_NAME = "$(TARGET_NAME)";
				SWIFT_VERSION = 5.0;
				TEST_HOST = "$(BUILT_PRODUCTS_DIR)/ZeroTrust FW.app/Contents/MacOS/ZeroTrust FW";
			};
			name = Debug;
		};
		F0E4F84E22BBE4E300A38601 /* Release */ = {
			isa = XCBuildConfiguration;
			buildSettings = {
				ALWAYS_EMBED_SWIFT_STANDARD_LIBRARIES = YES;
				BUNDLE_LOADER = "$(TEST_HOST)";
				CODE_SIGN_STYLE = Automatic;
				COMBINE_HIDPI_IMAGES = YES;
				DEVELOPMENT_TEAM = XQ3Q86P7E4;
				FRAMEWORK_SEARCH_PATHS = (
					"$(inherited)",
					"$(PROJECT_DIR)/Carthage/Build/Mac",
				);
				INFOPLIST_FILE = clientTests/Info.plist;
				LD_RUNPATH_SEARCH_PATHS = (
					"$(inherited)",
					"@executable_path/../Frameworks",
					"@loader_path/../Frameworks",
				);
				PRODUCT_BUNDLE_IDENTIFIER = com.notrust.clientTests;
				PRODUCT_NAME = "$(TARGET_NAME)";
				SWIFT_VERSION = 5.0;
				TEST_HOST = "$(BUILT_PRODUCTS_DIR)/ZeroTrust FW.app/Contents/MacOS/ZeroTrust FW";
			};
			name = Release;
		};
		F0E4F85022BBE4E300A38601 /* Debug */ = {
			isa = XCBuildConfiguration;
			buildSettings = {
				ALWAYS_EMBED_SWIFT_STANDARD_LIBRARIES = YES;
				CODE_SIGN_STYLE = Automatic;
				COMBINE_HIDPI_IMAGES = YES;
				DEVELOPMENT_TEAM = XQ3Q86P7E4;
				INFOPLIST_FILE = clientUITests/Info.plist;
				LD_RUNPATH_SEARCH_PATHS = (
					"$(inherited)",
					"@executable_path/../Frameworks",
					"@loader_path/../Frameworks",
				);
				PRODUCT_BUNDLE_IDENTIFIER = com.notrust.clientUITests;
				PRODUCT_NAME = "$(TARGET_NAME)";
				SWIFT_VERSION = 5.0;
				TEST_TARGET_NAME = client;
			};
			name = Debug;
		};
		F0E4F85122BBE4E300A38601 /* Release */ = {
			isa = XCBuildConfiguration;
			buildSettings = {
				ALWAYS_EMBED_SWIFT_STANDARD_LIBRARIES = YES;
				CODE_SIGN_STYLE = Automatic;
				COMBINE_HIDPI_IMAGES = YES;
				DEVELOPMENT_TEAM = XQ3Q86P7E4;
				INFOPLIST_FILE = clientUITests/Info.plist;
				LD_RUNPATH_SEARCH_PATHS = (
					"$(inherited)",
					"@executable_path/../Frameworks",
					"@loader_path/../Frameworks",
				);
				PRODUCT_BUNDLE_IDENTIFIER = com.notrust.clientUITests;
				PRODUCT_NAME = "$(TARGET_NAME)";
				SWIFT_VERSION = 5.0;
				TEST_TARGET_NAME = client;
			};
			name = Release;
		};
/* End XCBuildConfiguration section */

/* Begin XCConfigurationList section */
		F0E4F81B22BBE4E000A38601 /* Build configuration list for PBXProject "ZeroTrust FW" */ = {
			isa = XCConfigurationList;
			buildConfigurations = (
				F0E4F84722BBE4E300A38601 /* Debug */,
				F0E4F84822BBE4E300A38601 /* Release */,
			);
			defaultConfigurationIsVisible = 0;
			defaultConfigurationName = Release;
		};
		F0E4F84922BBE4E300A38601 /* Build configuration list for PBXNativeTarget "ZeroTrust FW" */ = {
			isa = XCConfigurationList;
			buildConfigurations = (
				F0E4F84A22BBE4E300A38601 /* Debug */,
				F0E4F84B22BBE4E300A38601 /* Release */,
			);
			defaultConfigurationIsVisible = 0;
			defaultConfigurationName = Release;
		};
		F0E4F84C22BBE4E300A38601 /* Build configuration list for PBXNativeTarget "ZeroTrust FWTests" */ = {
			isa = XCConfigurationList;
			buildConfigurations = (
				F0E4F84D22BBE4E300A38601 /* Debug */,
				F0E4F84E22BBE4E300A38601 /* Release */,
			);
			defaultConfigurationIsVisible = 0;
			defaultConfigurationName = Release;
		};
		F0E4F84F22BBE4E300A38601 /* Build configuration list for PBXNativeTarget "ZeroTrust FWUITests" */ = {
			isa = XCConfigurationList;
			buildConfigurations = (
				F0E4F85022BBE4E300A38601 /* Debug */,
				F0E4F85122BBE4E300A38601 /* Release */,
			);
			defaultConfigurationIsVisible = 0;
			defaultConfigurationName = Release;
		};
/* End XCConfigurationList section */

/* Begin XCRemoteSwiftPackageReference section */
		F0701C8D23F4838E0002DD82 /* XCRemoteSwiftPackageReference "IP2Location-Swift" */ = {
			isa = XCRemoteSwiftPackageReference;
			repositoryURL = "https://github.com/alisle/IP2Location-Swift";
			requirement = {
				kind = upToNextMajorVersion;
				minimumVersion = 1.0.0;
			};
		};
		F0701C9223F48ED10002DD82 /* XCRemoteSwiftPackageReference "swift-log" */ = {
			isa = XCRemoteSwiftPackageReference;
			repositoryURL = "https://github.com/apple/swift-log.git";
			requirement = {
				kind = upToNextMajorVersion;
				minimumVersion = 1.2.0;
			};
		};
/* End XCRemoteSwiftPackageReference section */

/* Begin XCSwiftPackageProductDependency section */
		F0701C8E23F4838E0002DD82 /* IP2Location */ = {
			isa = XCSwiftPackageProductDependency;
			package = F0701C8D23F4838E0002DD82 /* XCRemoteSwiftPackageReference "IP2Location-Swift" */;
			productName = IP2Location;
		};
		F0701C9323F48ED10002DD82 /* Logging */ = {
			isa = XCSwiftPackageProductDependency;
			package = F0701C9223F48ED10002DD82 /* XCRemoteSwiftPackageReference "swift-log" */;
			productName = Logging;
		};
/* End XCSwiftPackageProductDependency section */
	};
	rootObject = F0E4F81822BBE4E000A38601 /* Project object */;
}
