// !$*UTF8*$!
{
	archiveVersion = 1;
	classes = {
	};
	objectVersion = 50;
	objects = {

/* Begin PBXBuildFile section */
		F0789B5522AC01A50006B154 /* main.swift in Sources */ = {isa = PBXBuildFile; fileRef = F0789B5422AC01A50006B154 /* main.swift */; };
		F0789B5C22AC02570006B154 /* Helpers.swift in Sources */ = {isa = PBXBuildFile; fileRef = F0789B5B22AC02570006B154 /* Helpers.swift */; };
		F0789B6222AC06D70006B154 /* kern-event.c in Sources */ = {isa = PBXBuildFile; fileRef = F0789B6122AC06D70006B154 /* kern-event.c */; };
		F0789B6522AC0BD70006B154 /* KernEvents.swift in Sources */ = {isa = PBXBuildFile; fileRef = F0789B6422AC0BD70006B154 /* KernEvents.swift */; };
		F0789B6722AC26980006B154 /* BundleExtensions.swift in Sources */ = {isa = PBXBuildFile; fileRef = F0789B6622AC26980006B154 /* BundleExtensions.swift */; };
/* End PBXBuildFile section */

/* Begin PBXCopyFilesBuildPhase section */
		F0789B4F22AC01A50006B154 /* CopyFiles */ = {
			isa = PBXCopyFilesBuildPhase;
			buildActionMask = 2147483647;
			dstPath = /usr/share/man/man1/;
			dstSubfolderSpec = 0;
			files = (
			);
			runOnlyForDeploymentPostprocessing = 1;
		};
/* End PBXCopyFilesBuildPhase section */

/* Begin PBXFileReference section */
		F0789B5122AC01A50006B154 /* reporter */ = {isa = PBXFileReference; explicitFileType = "compiled.mach-o.executable"; includeInIndex = 0; path = reporter; sourceTree = BUILT_PRODUCTS_DIR; };
		F0789B5422AC01A50006B154 /* main.swift */ = {isa = PBXFileReference; lastKnownFileType = sourcecode.swift; path = main.swift; sourceTree = "<group>"; };
		F0789B5B22AC02570006B154 /* Helpers.swift */ = {isa = PBXFileReference; lastKnownFileType = sourcecode.swift; path = Helpers.swift; sourceTree = "<group>"; };
		F0789B5F22AC06D70006B154 /* reporter-Bridging-Header.h */ = {isa = PBXFileReference; lastKnownFileType = sourcecode.c.h; path = "reporter-Bridging-Header.h"; sourceTree = "<group>"; };
		F0789B6022AC06D70006B154 /* kern-event.h */ = {isa = PBXFileReference; lastKnownFileType = sourcecode.c.h; path = "kern-event.h"; sourceTree = "<group>"; };
		F0789B6122AC06D70006B154 /* kern-event.c */ = {isa = PBXFileReference; lastKnownFileType = sourcecode.c.c; path = "kern-event.c"; sourceTree = "<group>"; };
		F0789B6322AC07AB0006B154 /* payload.h */ = {isa = PBXFileReference; lastKnownFileType = sourcecode.c.h; path = payload.h; sourceTree = "<group>"; };
		F0789B6422AC0BD70006B154 /* KernEvents.swift */ = {isa = PBXFileReference; lastKnownFileType = sourcecode.swift; path = KernEvents.swift; sourceTree = "<group>"; };
		F0789B6622AC26980006B154 /* BundleExtensions.swift */ = {isa = PBXFileReference; lastKnownFileType = sourcecode.swift; path = BundleExtensions.swift; sourceTree = "<group>"; };
/* End PBXFileReference section */

/* Begin PBXFrameworksBuildPhase section */
		F0789B4E22AC01A50006B154 /* Frameworks */ = {
			isa = PBXFrameworksBuildPhase;
			buildActionMask = 2147483647;
			files = (
			);
			runOnlyForDeploymentPostprocessing = 0;
		};
/* End PBXFrameworksBuildPhase section */

/* Begin PBXGroup section */
		F0789B4822AC01A50006B154 = {
			isa = PBXGroup;
			children = (
				F0789B5322AC01A50006B154 /* reporter */,
				F0789B5222AC01A50006B154 /* Products */,
			);
			sourceTree = "<group>";
		};
		F0789B5222AC01A50006B154 /* Products */ = {
			isa = PBXGroup;
			children = (
				F0789B5122AC01A50006B154 /* reporter */,
			);
			name = Products;
			sourceTree = "<group>";
		};
		F0789B5322AC01A50006B154 /* reporter */ = {
			isa = PBXGroup;
			children = (
				F0789B5D22AC056D0006B154 /* include */,
				F0789B5422AC01A50006B154 /* main.swift */,
				F0789B5B22AC02570006B154 /* Helpers.swift */,
				F0789B6122AC06D70006B154 /* kern-event.c */,
				F0789B5F22AC06D70006B154 /* reporter-Bridging-Header.h */,
				F0789B6422AC0BD70006B154 /* KernEvents.swift */,
				F0789B6622AC26980006B154 /* BundleExtensions.swift */,
			);
			path = reporter;
			sourceTree = "<group>";
		};
		F0789B5D22AC056D0006B154 /* include */ = {
			isa = PBXGroup;
			children = (
				F0789B6022AC06D70006B154 /* kern-event.h */,
				F0789B6322AC07AB0006B154 /* payload.h */,
			);
			path = include;
			sourceTree = "<group>";
		};
/* End PBXGroup section */

/* Begin PBXNativeTarget section */
		F0789B5022AC01A50006B154 /* reporter */ = {
			isa = PBXNativeTarget;
			buildConfigurationList = F0789B5822AC01A50006B154 /* Build configuration list for PBXNativeTarget "reporter" */;
			buildPhases = (
				F0789B4D22AC01A50006B154 /* Sources */,
				F0789B4E22AC01A50006B154 /* Frameworks */,
				F0789B4F22AC01A50006B154 /* CopyFiles */,
			);
			buildRules = (
			);
			dependencies = (
			);
			name = reporter;
			productName = reporter;
			productReference = F0789B5122AC01A50006B154 /* reporter */;
			productType = "com.apple.product-type.tool";
		};
/* End PBXNativeTarget section */

/* Begin PBXProject section */
		F0789B4922AC01A50006B154 /* Project object */ = {
			isa = PBXProject;
			attributes = {
				LastSwiftUpdateCheck = 1020;
				LastUpgradeCheck = 1020;
				ORGANIZATIONNAME = "Alex Lisle";
				TargetAttributes = {
					F0789B5022AC01A50006B154 = {
						CreatedOnToolsVersion = 10.2.1;
						LastSwiftMigration = 1020;
					};
				};
			};
			buildConfigurationList = F0789B4C22AC01A50006B154 /* Build configuration list for PBXProject "reporter" */;
			compatibilityVersion = "Xcode 9.3";
			developmentRegion = en;
			hasScannedForEncodings = 0;
			knownRegions = (
				en,
			);
			mainGroup = F0789B4822AC01A50006B154;
			productRefGroup = F0789B5222AC01A50006B154 /* Products */;
			projectDirPath = "";
			projectRoot = "";
			targets = (
				F0789B5022AC01A50006B154 /* reporter */,
			);
		};
/* End PBXProject section */

/* Begin PBXSourcesBuildPhase section */
		F0789B4D22AC01A50006B154 /* Sources */ = {
			isa = PBXSourcesBuildPhase;
			buildActionMask = 2147483647;
			files = (
				F0789B6522AC0BD70006B154 /* KernEvents.swift in Sources */,
				F0789B5522AC01A50006B154 /* main.swift in Sources */,
				F0789B6222AC06D70006B154 /* kern-event.c in Sources */,
				F0789B5C22AC02570006B154 /* Helpers.swift in Sources */,
				F0789B6722AC26980006B154 /* BundleExtensions.swift in Sources */,
			);
			runOnlyForDeploymentPostprocessing = 0;
		};
/* End PBXSourcesBuildPhase section */

/* Begin XCBuildConfiguration section */
		F0789B5622AC01A50006B154 /* Debug */ = {
			isa = XCBuildConfiguration;
			buildSettings = {
				ALWAYS_SEARCH_USER_PATHS = NO;
				CLANG_ANALYZER_NONNULL = YES;
				CLANG_ANALYZER_NUMBER_OBJECT_CONVERSION = YES_AGGRESSIVE;
				CLANG_CXX_LANGUAGE_STANDARD = "gnu++14";
				CLANG_CXX_LIBRARY = "libc++";
				CLANG_ENABLE_MODULES = YES;
				CLANG_ENABLE_OBJC_ARC = YES;
				CLANG_ENABLE_OBJC_WEAK = YES;
				CLANG_WARN_BLOCK_CAPTURE_AUTORELEASING = YES;
				CLANG_WARN_BOOL_CONVERSION = YES;
				CLANG_WARN_COMMA = YES;
				CLANG_WARN_CONSTANT_CONVERSION = YES;
				CLANG_WARN_DEPRECATED_OBJC_IMPLEMENTATIONS = YES;
				CLANG_WARN_DIRECT_OBJC_ISA_USAGE = YES_ERROR;
				CLANG_WARN_DOCUMENTATION_COMMENTS = YES;
				CLANG_WARN_EMPTY_BODY = YES;
				CLANG_WARN_ENUM_CONVERSION = YES;
				CLANG_WARN_INFINITE_RECURSION = YES;
				CLANG_WARN_INT_CONVERSION = YES;
				CLANG_WARN_NON_LITERAL_NULL_CONVERSION = YES;
				CLANG_WARN_OBJC_IMPLICIT_RETAIN_SELF = YES;
				CLANG_WARN_OBJC_LITERAL_CONVERSION = YES;
				CLANG_WARN_OBJC_ROOT_CLASS = YES_ERROR;
				CLANG_WARN_RANGE_LOOP_ANALYSIS = YES;
				CLANG_WARN_STRICT_PROTOTYPES = YES;
				CLANG_WARN_SUSPICIOUS_MOVE = YES;
				CLANG_WARN_UNGUARDED_AVAILABILITY = YES_AGGRESSIVE;
				CLANG_WARN_UNREACHABLE_CODE = YES;
				CLANG_WARN__DUPLICATE_METHOD_MATCH = YES;
				CODE_SIGN_IDENTITY = "Mac Developer";
				COPY_PHASE_STRIP = NO;
				DEBUG_INFORMATION_FORMAT = dwarf;
				ENABLE_STRICT_OBJC_MSGSEND = YES;
				ENABLE_TESTABILITY = YES;
				GCC_C_LANGUAGE_STANDARD = gnu11;
				GCC_DYNAMIC_NO_PIC = NO;
				GCC_NO_COMMON_BLOCKS = YES;
				GCC_OPTIMIZATION_LEVEL = 0;
				GCC_PREPROCESSOR_DEFINITIONS = (
					"DEBUG=1",
					"$(inherited)",
				);
				GCC_WARN_64_TO_32_BIT_CONVERSION = YES;
				GCC_WARN_ABOUT_RETURN_TYPE = YES_ERROR;
				GCC_WARN_UNDECLARED_SELECTOR = YES;
				GCC_WARN_UNINITIALIZED_AUTOS = YES_AGGRESSIVE;
				GCC_WARN_UNUSED_FUNCTION = YES;
				GCC_WARN_UNUSED_VARIABLE = YES;
				MACOSX_DEPLOYMENT_TARGET = 10.14;
				MTL_ENABLE_DEBUG_INFO = INCLUDE_SOURCE;
				MTL_FAST_MATH = YES;
				ONLY_ACTIVE_ARCH = YES;
				SDKROOT = macosx;
				SWIFT_ACTIVE_COMPILATION_CONDITIONS = DEBUG;
				SWIFT_OPTIMIZATION_LEVEL = "-Onone";
			};
			name = Debug;
		};
		F0789B5722AC01A50006B154 /* Release */ = {
			isa = XCBuildConfiguration;
			buildSettings = {
				ALWAYS_SEARCH_USER_PATHS = NO;
				CLANG_ANALYZER_NONNULL = YES;
				CLANG_ANALYZER_NUMBER_OBJECT_CONVERSION = YES_AGGRESSIVE;
				CLANG_CXX_LANGUAGE_STANDARD = "gnu++14";
				CLANG_CXX_LIBRARY = "libc++";
				CLANG_ENABLE_MODULES = YES;
				CLANG_ENABLE_OBJC_ARC = YES;
				CLANG_ENABLE_OBJC_WEAK = YES;
				CLANG_WARN_BLOCK_CAPTURE_AUTORELEASING = YES;
				CLANG_WARN_BOOL_CONVERSION = YES;
				CLANG_WARN_COMMA = YES;
				CLANG_WARN_CONSTANT_CONVERSION = YES;
				CLANG_WARN_DEPRECATED_OBJC_IMPLEMENTATIONS = YES;
				CLANG_WARN_DIRECT_OBJC_ISA_USAGE = YES_ERROR;
				CLANG_WARN_DOCUMENTATION_COMMENTS = YES;
				CLANG_WARN_EMPTY_BODY = YES;
				CLANG_WARN_ENUM_CONVERSION = YES;
				CLANG_WARN_INFINITE_RECURSION = YES;
				CLANG_WARN_INT_CONVERSION = YES;
				CLANG_WARN_NON_LITERAL_NULL_CONVERSION = YES;
				CLANG_WARN_OBJC_IMPLICIT_RETAIN_SELF = YES;
				CLANG_WARN_OBJC_LITERAL_CONVERSION = YES;
				CLANG_WARN_OBJC_ROOT_CLASS = YES_ERROR;
				CLANG_WARN_RANGE_LOOP_ANALYSIS = YES;
				CLANG_WARN_STRICT_PROTOTYPES = YES;
				CLANG_WARN_SUSPICIOUS_MOVE = YES;
				CLANG_WARN_UNGUARDED_AVAILABILITY = YES_AGGRESSIVE;
				CLANG_WARN_UNREACHABLE_CODE = YES;
				CLANG_WARN__DUPLICATE_METHOD_MATCH = YES;
				CODE_SIGN_IDENTITY = "Mac Developer";
				COPY_PHASE_STRIP = NO;
				DEBUG_INFORMATION_FORMAT = "dwarf-with-dsym";
				ENABLE_NS_ASSERTIONS = NO;
				ENABLE_STRICT_OBJC_MSGSEND = YES;
				GCC_C_LANGUAGE_STANDARD = gnu11;
				GCC_NO_COMMON_BLOCKS = YES;
				GCC_WARN_64_TO_32_BIT_CONVERSION = YES;
				GCC_WARN_ABOUT_RETURN_TYPE = YES_ERROR;
				GCC_WARN_UNDECLARED_SELECTOR = YES;
				GCC_WARN_UNINITIALIZED_AUTOS = YES_AGGRESSIVE;
				GCC_WARN_UNUSED_FUNCTION = YES;
				GCC_WARN_UNUSED_VARIABLE = YES;
				MACOSX_DEPLOYMENT_TARGET = 10.14;
				MTL_ENABLE_DEBUG_INFO = NO;
				MTL_FAST_MATH = YES;
				SDKROOT = macosx;
				SWIFT_COMPILATION_MODE = wholemodule;
				SWIFT_OPTIMIZATION_LEVEL = "-O";
			};
			name = Release;
		};
		F0789B5922AC01A50006B154 /* Debug */ = {
			isa = XCBuildConfiguration;
			buildSettings = {
				CLANG_ENABLE_MODULES = YES;
				CODE_SIGN_STYLE = Automatic;
				DEVELOPMENT_TEAM = XQ3Q86P7E4;
				LD_RUNPATH_SEARCH_PATHS = (
					"$(inherited)",
					"@executable_path/../Frameworks",
					"@loader_path/../Frameworks",
				);
				PRODUCT_NAME = "$(TARGET_NAME)";
				SWIFT_OBJC_BRIDGING_HEADER = "reporter/reporter-Bridging-Header.h";
				SWIFT_OPTIMIZATION_LEVEL = "-Onone";
				SWIFT_VERSION = 5.0;
			};
			name = Debug;
		};
		F0789B5A22AC01A50006B154 /* Release */ = {
			isa = XCBuildConfiguration;
			buildSettings = {
				CLANG_ENABLE_MODULES = YES;
				CODE_SIGN_STYLE = Automatic;
				DEVELOPMENT_TEAM = XQ3Q86P7E4;
				LD_RUNPATH_SEARCH_PATHS = (
					"$(inherited)",
					"@executable_path/../Frameworks",
					"@loader_path/../Frameworks",
				);
				PRODUCT_NAME = "$(TARGET_NAME)";
				SWIFT_OBJC_BRIDGING_HEADER = "reporter/reporter-Bridging-Header.h";
				SWIFT_VERSION = 5.0;
			};
			name = Release;
		};
/* End XCBuildConfiguration section */

/* Begin XCConfigurationList section */
		F0789B4C22AC01A50006B154 /* Build configuration list for PBXProject "reporter" */ = {
			isa = XCConfigurationList;
			buildConfigurations = (
				F0789B5622AC01A50006B154 /* Debug */,
				F0789B5722AC01A50006B154 /* Release */,
			);
			defaultConfigurationIsVisible = 0;
			defaultConfigurationName = Release;
		};
		F0789B5822AC01A50006B154 /* Build configuration list for PBXNativeTarget "reporter" */ = {
			isa = XCConfigurationList;
			buildConfigurations = (
				F0789B5922AC01A50006B154 /* Debug */,
				F0789B5A22AC01A50006B154 /* Release */,
			);
			defaultConfigurationIsVisible = 0;
			defaultConfigurationName = Release;
		};
/* End XCConfigurationList section */
	};
	rootObject = F0789B4922AC01A50006B154 /* Project object */;
}
