// !$*UTF8*$!
{
	archiveVersion = 1;
	classes = {
	};
	objectVersion = 50;
	objects = {

/* Begin PBXBuildFile section */
		F052CA0F22D63599005DE1D7 /* AppDelegate.swift in Sources */ = {isa = PBXBuildFile; fileRef = F052CA0E22D63599005DE1D7 /* AppDelegate.swift */; };
		F052CA1222D6359A005DE1D7 /* firewall_client.xcdatamodeld in Sources */ = {isa = PBXBuildFile; fileRef = F052CA1022D6359A005DE1D7 /* firewall_client.xcdatamodeld */; };
		F052CA1422D6359C005DE1D7 /* Assets.xcassets in Resources */ = {isa = PBXBuildFile; fileRef = F052CA1322D6359C005DE1D7 /* Assets.xcassets */; };
		F052CA1722D6359C005DE1D7 /* Main.storyboard in Resources */ = {isa = PBXBuildFile; fileRef = F052CA1522D6359C005DE1D7 /* Main.storyboard */; };
		F052CA2322D6359C005DE1D7 /* firewall_clientTests.swift in Sources */ = {isa = PBXBuildFile; fileRef = F052CA2222D6359C005DE1D7 /* firewall_clientTests.swift */; };
		F052CA2E22D6359C005DE1D7 /* firewall_clientUITests.swift in Sources */ = {isa = PBXBuildFile; fileRef = F052CA2D22D6359C005DE1D7 /* firewall_clientUITests.swift */; };
/* End PBXBuildFile section */

/* Begin PBXContainerItemProxy section */
		F052CA1F22D6359C005DE1D7 /* PBXContainerItemProxy */ = {
			isa = PBXContainerItemProxy;
			containerPortal = F052CA0322D63599005DE1D7 /* Project object */;
			proxyType = 1;
			remoteGlobalIDString = F052CA0A22D63599005DE1D7;
			remoteInfo = "firewall-client";
		};
		F052CA2A22D6359C005DE1D7 /* PBXContainerItemProxy */ = {
			isa = PBXContainerItemProxy;
			containerPortal = F052CA0322D63599005DE1D7 /* Project object */;
			proxyType = 1;
			remoteGlobalIDString = F052CA0A22D63599005DE1D7;
			remoteInfo = "firewall-client";
		};
/* End PBXContainerItemProxy section */

/* Begin PBXFileReference section */
		F052CA0B22D63599005DE1D7 /* firewall-client.app */ = {isa = PBXFileReference; explicitFileType = wrapper.application; includeInIndex = 0; path = "firewall-client.app"; sourceTree = BUILT_PRODUCTS_DIR; };
		F052CA0E22D63599005DE1D7 /* AppDelegate.swift */ = {isa = PBXFileReference; lastKnownFileType = sourcecode.swift; path = AppDelegate.swift; sourceTree = "<group>"; };
		F052CA1122D6359A005DE1D7 /* firewall_client.xcdatamodel */ = {isa = PBXFileReference; lastKnownFileType = wrapper.xcdatamodel; path = firewall_client.xcdatamodel; sourceTree = "<group>"; };
		F052CA1322D6359C005DE1D7 /* Assets.xcassets */ = {isa = PBXFileReference; lastKnownFileType = folder.assetcatalog; path = Assets.xcassets; sourceTree = "<group>"; };
		F052CA1622D6359C005DE1D7 /* Base */ = {isa = PBXFileReference; lastKnownFileType = file.storyboard; name = Base; path = Base.lproj/Main.storyboard; sourceTree = "<group>"; };
		F052CA1822D6359C005DE1D7 /* Info.plist */ = {isa = PBXFileReference; lastKnownFileType = text.plist.xml; path = Info.plist; sourceTree = "<group>"; };
		F052CA1922D6359C005DE1D7 /* firewall_client.entitlements */ = {isa = PBXFileReference; lastKnownFileType = text.plist.entitlements; path = firewall_client.entitlements; sourceTree = "<group>"; };
		F052CA1E22D6359C005DE1D7 /* firewall-clientTests.xctest */ = {isa = PBXFileReference; explicitFileType = wrapper.cfbundle; includeInIndex = 0; path = "firewall-clientTests.xctest"; sourceTree = BUILT_PRODUCTS_DIR; };
		F052CA2222D6359C005DE1D7 /* firewall_clientTests.swift */ = {isa = PBXFileReference; lastKnownFileType = sourcecode.swift; path = firewall_clientTests.swift; sourceTree = "<group>"; };
		F052CA2422D6359C005DE1D7 /* Info.plist */ = {isa = PBXFileReference; lastKnownFileType = text.plist.xml; path = Info.plist; sourceTree = "<group>"; };
		F052CA2922D6359C005DE1D7 /* firewall-clientUITests.xctest */ = {isa = PBXFileReference; explicitFileType = wrapper.cfbundle; includeInIndex = 0; path = "firewall-clientUITests.xctest"; sourceTree = BUILT_PRODUCTS_DIR; };
		F052CA2D22D6359C005DE1D7 /* firewall_clientUITests.swift */ = {isa = PBXFileReference; lastKnownFileType = sourcecode.swift; path = firewall_clientUITests.swift; sourceTree = "<group>"; };
		F052CA2F22D6359C005DE1D7 /* Info.plist */ = {isa = PBXFileReference; lastKnownFileType = text.plist.xml; path = Info.plist; sourceTree = "<group>"; };
/* End PBXFileReference section */

/* Begin PBXFrameworksBuildPhase section */
		F052CA0822D63599005DE1D7 /* Frameworks */ = {
			isa = PBXFrameworksBuildPhase;
			buildActionMask = 2147483647;
			files = (
			);
			runOnlyForDeploymentPostprocessing = 0;
		};
		F052CA1B22D6359C005DE1D7 /* Frameworks */ = {
			isa = PBXFrameworksBuildPhase;
			buildActionMask = 2147483647;
			files = (
			);
			runOnlyForDeploymentPostprocessing = 0;
		};
		F052CA2622D6359C005DE1D7 /* Frameworks */ = {
			isa = PBXFrameworksBuildPhase;
			buildActionMask = 2147483647;
			files = (
			);
			runOnlyForDeploymentPostprocessing = 0;
		};
/* End PBXFrameworksBuildPhase section */

/* Begin PBXGroup section */
		F052CA0222D63599005DE1D7 = {
			isa = PBXGroup;
			children = (
				F052CA0D22D63599005DE1D7 /* firewall-client */,
				F052CA2122D6359C005DE1D7 /* firewall-clientTests */,
				F052CA2C22D6359C005DE1D7 /* firewall-clientUITests */,
				F052CA0C22D63599005DE1D7 /* Products */,
			);
			sourceTree = "<group>";
		};
		F052CA0C22D63599005DE1D7 /* Products */ = {
			isa = PBXGroup;
			children = (
				F052CA0B22D63599005DE1D7 /* firewall-client.app */,
				F052CA1E22D6359C005DE1D7 /* firewall-clientTests.xctest */,
				F052CA2922D6359C005DE1D7 /* firewall-clientUITests.xctest */,
			);
			name = Products;
			sourceTree = "<group>";
		};
		F052CA0D22D63599005DE1D7 /* firewall-client */ = {
			isa = PBXGroup;
			children = (
				F052CA0E22D63599005DE1D7 /* AppDelegate.swift */,
				F052CA1322D6359C005DE1D7 /* Assets.xcassets */,
				F052CA1522D6359C005DE1D7 /* Main.storyboard */,
				F052CA1822D6359C005DE1D7 /* Info.plist */,
				F052CA1922D6359C005DE1D7 /* firewall_client.entitlements */,
				F052CA1022D6359A005DE1D7 /* firewall_client.xcdatamodeld */,
			);
			path = "firewall-client";
			sourceTree = "<group>";
		};
		F052CA2122D6359C005DE1D7 /* firewall-clientTests */ = {
			isa = PBXGroup;
			children = (
				F052CA2222D6359C005DE1D7 /* firewall_clientTests.swift */,
				F052CA2422D6359C005DE1D7 /* Info.plist */,
			);
			path = "firewall-clientTests";
			sourceTree = "<group>";
		};
		F052CA2C22D6359C005DE1D7 /* firewall-clientUITests */ = {
			isa = PBXGroup;
			children = (
				F052CA2D22D6359C005DE1D7 /* firewall_clientUITests.swift */,
				F052CA2F22D6359C005DE1D7 /* Info.plist */,
			);
			path = "firewall-clientUITests";
			sourceTree = "<group>";
		};
/* End PBXGroup section */

/* Begin PBXNativeTarget section */
		F052CA0A22D63599005DE1D7 /* firewall-client */ = {
			isa = PBXNativeTarget;
			buildConfigurationList = F052CA3222D6359C005DE1D7 /* Build configuration list for PBXNativeTarget "firewall-client" */;
			buildPhases = (
				F052CA0722D63599005DE1D7 /* Sources */,
				F052CA0822D63599005DE1D7 /* Frameworks */,
				F052CA0922D63599005DE1D7 /* Resources */,
			);
			buildRules = (
			);
			dependencies = (
			);
			name = "firewall-client";
			productName = "firewall-client";
			productReference = F052CA0B22D63599005DE1D7 /* firewall-client.app */;
			productType = "com.apple.product-type.application";
		};
		F052CA1D22D6359C005DE1D7 /* firewall-clientTests */ = {
			isa = PBXNativeTarget;
			buildConfigurationList = F052CA3522D6359C005DE1D7 /* Build configuration list for PBXNativeTarget "firewall-clientTests" */;
			buildPhases = (
				F052CA1A22D6359C005DE1D7 /* Sources */,
				F052CA1B22D6359C005DE1D7 /* Frameworks */,
				F052CA1C22D6359C005DE1D7 /* Resources */,
			);
			buildRules = (
			);
			dependencies = (
				F052CA2022D6359C005DE1D7 /* PBXTargetDependency */,
			);
			name = "firewall-clientTests";
			productName = "firewall-clientTests";
			productReference = F052CA1E22D6359C005DE1D7 /* firewall-clientTests.xctest */;
			productType = "com.apple.product-type.bundle.unit-test";
		};
		F052CA2822D6359C005DE1D7 /* firewall-clientUITests */ = {
			isa = PBXNativeTarget;
			buildConfigurationList = F052CA3822D6359C005DE1D7 /* Build configuration list for PBXNativeTarget "firewall-clientUITests" */;
			buildPhases = (
				F052CA2522D6359C005DE1D7 /* Sources */,
				F052CA2622D6359C005DE1D7 /* Frameworks */,
				F052CA2722D6359C005DE1D7 /* Resources */,
			);
			buildRules = (
			);
			dependencies = (
				F052CA2B22D6359C005DE1D7 /* PBXTargetDependency */,
			);
			name = "firewall-clientUITests";
			productName = "firewall-clientUITests";
			productReference = F052CA2922D6359C005DE1D7 /* firewall-clientUITests.xctest */;
			productType = "com.apple.product-type.bundle.ui-testing";
		};
/* End PBXNativeTarget section */

/* Begin PBXProject section */
		F052CA0322D63599005DE1D7 /* Project object */ = {
			isa = PBXProject;
			attributes = {
				LastSwiftUpdateCheck = 1100;
				LastUpgradeCheck = 1100;
				ORGANIZATIONNAME = "Alex Lisle";
				TargetAttributes = {
					F052CA0A22D63599005DE1D7 = {
						CreatedOnToolsVersion = 11.0;
					};
					F052CA1D22D6359C005DE1D7 = {
						CreatedOnToolsVersion = 11.0;
						TestTargetID = F052CA0A22D63599005DE1D7;
					};
					F052CA2822D6359C005DE1D7 = {
						CreatedOnToolsVersion = 11.0;
						TestTargetID = F052CA0A22D63599005DE1D7;
					};
				};
			};
			buildConfigurationList = F052CA0622D63599005DE1D7 /* Build configuration list for PBXProject "firewall-client" */;
			compatibilityVersion = "Xcode 9.3";
			developmentRegion = en;
			hasScannedForEncodings = 0;
			knownRegions = (
				en,
				Base,
			);
			mainGroup = F052CA0222D63599005DE1D7;
			productRefGroup = F052CA0C22D63599005DE1D7 /* Products */;
			projectDirPath = "";
			projectRoot = "";
			targets = (
				F052CA0A22D63599005DE1D7 /* firewall-client */,
				F052CA1D22D6359C005DE1D7 /* firewall-clientTests */,
				F052CA2822D6359C005DE1D7 /* firewall-clientUITests */,
			);
		};
/* End PBXProject section */

/* Begin PBXResourcesBuildPhase section */
		F052CA0922D63599005DE1D7 /* Resources */ = {
			isa = PBXResourcesBuildPhase;
			buildActionMask = 2147483647;
			files = (
				F052CA1422D6359C005DE1D7 /* Assets.xcassets in Resources */,
				F052CA1722D6359C005DE1D7 /* Main.storyboard in Resources */,
			);
			runOnlyForDeploymentPostprocessing = 0;
		};
		F052CA1C22D6359C005DE1D7 /* Resources */ = {
			isa = PBXResourcesBuildPhase;
			buildActionMask = 2147483647;
			files = (
			);
			runOnlyForDeploymentPostprocessing = 0;
		};
		F052CA2722D6359C005DE1D7 /* Resources */ = {
			isa = PBXResourcesBuildPhase;
			buildActionMask = 2147483647;
			files = (
			);
			runOnlyForDeploymentPostprocessing = 0;
		};
/* End PBXResourcesBuildPhase section */

/* Begin PBXSourcesBuildPhase section */
		F052CA0722D63599005DE1D7 /* Sources */ = {
			isa = PBXSourcesBuildPhase;
			buildActionMask = 2147483647;
			files = (
				F052CA1222D6359A005DE1D7 /* firewall_client.xcdatamodeld in Sources */,
				F052CA0F22D63599005DE1D7 /* AppDelegate.swift in Sources */,
			);
			runOnlyForDeploymentPostprocessing = 0;
		};
		F052CA1A22D6359C005DE1D7 /* Sources */ = {
			isa = PBXSourcesBuildPhase;
			buildActionMask = 2147483647;
			files = (
				F052CA2322D6359C005DE1D7 /* firewall_clientTests.swift in Sources */,
			);
			runOnlyForDeploymentPostprocessing = 0;
		};
		F052CA2522D6359C005DE1D7 /* Sources */ = {
			isa = PBXSourcesBuildPhase;
			buildActionMask = 2147483647;
			files = (
				F052CA2E22D6359C005DE1D7 /* firewall_clientUITests.swift in Sources */,
			);
			runOnlyForDeploymentPostprocessing = 0;
		};
/* End PBXSourcesBuildPhase section */

/* Begin PBXTargetDependency section */
		F052CA2022D6359C005DE1D7 /* PBXTargetDependency */ = {
			isa = PBXTargetDependency;
			target = F052CA0A22D63599005DE1D7 /* firewall-client */;
			targetProxy = F052CA1F22D6359C005DE1D7 /* PBXContainerItemProxy */;
		};
		F052CA2B22D6359C005DE1D7 /* PBXTargetDependency */ = {
			isa = PBXTargetDependency;
			target = F052CA0A22D63599005DE1D7 /* firewall-client */;
			targetProxy = F052CA2A22D6359C005DE1D7 /* PBXContainerItemProxy */;
		};
/* End PBXTargetDependency section */

/* Begin PBXVariantGroup section */
		F052CA1522D6359C005DE1D7 /* Main.storyboard */ = {
			isa = PBXVariantGroup;
			children = (
				F052CA1622D6359C005DE1D7 /* Base */,
			);
			name = Main.storyboard;
			sourceTree = "<group>";
		};
/* End PBXVariantGroup section */

/* Begin XCBuildConfiguration section */
		F052CA3022D6359C005DE1D7 /* Debug */ = {
			isa = XCBuildConfiguration;
			buildSettings = {
				ALWAYS_SEARCH_USER_PATHS = NO;
				CLANG_ANALYZER_NONNULL = YES;
				CLANG_ANALYZER_NUMBER_OBJECT_CONVERSION = YES_AGGRESSIVE;
				CLANG_CXX_LANGUAGE_STANDARD = "gnu++14";
				CLANG_CXX_LIBRARY = "libc++";
				CLANG_ENABLE_MODULES = YES;
				CLANG_ENABLE_OBJC_ARC = YES;
				CLANG_ENABLE_OBJC_WEAK = YES;
				CLANG_WARN_BLOCK_CAPTURE_AUTORELEASING = YES;
				CLANG_WARN_BOOL_CONVERSION = YES;
				CLANG_WARN_COMMA = YES;
				CLANG_WARN_CONSTANT_CONVERSION = YES;
				CLANG_WARN_DEPRECATED_OBJC_IMPLEMENTATIONS = YES;
				CLANG_WARN_DIRECT_OBJC_ISA_USAGE = YES_ERROR;
				CLANG_WARN_DOCUMENTATION_COMMENTS = YES;
				CLANG_WARN_EMPTY_BODY = YES;
				CLANG_WARN_ENUM_CONVERSION = YES;
				CLANG_WARN_INFINITE_RECURSION = YES;
				CLANG_WARN_INT_CONVERSION = YES;
				CLANG_WARN_NON_LITERAL_NULL_CONVERSION = YES;
				CLANG_WARN_OBJC_IMPLICIT_RETAIN_SELF = YES;
				CLANG_WARN_OBJC_LITERAL_CONVERSION = YES;
				CLANG_WARN_OBJC_ROOT_CLASS = YES_ERROR;
				CLANG_WARN_RANGE_LOOP_ANALYSIS = YES;
				CLANG_WARN_STRICT_PROTOTYPES = YES;
				CLANG_WARN_SUSPICIOUS_MOVE = YES;
				CLANG_WARN_UNGUARDED_AVAILABILITY = YES_AGGRESSIVE;
				CLANG_WARN_UNREACHABLE_CODE = YES;
				CLANG_WARN__DUPLICATE_METHOD_MATCH = YES;
				COPY_PHASE_STRIP = NO;
				DEBUG_INFORMATION_FORMAT = dwarf;
				ENABLE_STRICT_OBJC_MSGSEND = YES;
				ENABLE_TESTABILITY = YES;
				GCC_C_LANGUAGE_STANDARD = gnu11;
				GCC_DYNAMIC_NO_PIC = NO;
				GCC_NO_COMMON_BLOCKS = YES;
				GCC_OPTIMIZATION_LEVEL = 0;
				GCC_PREPROCESSOR_DEFINITIONS = (
					"DEBUG=1",
					"$(inherited)",
				);
				GCC_WARN_64_TO_32_BIT_CONVERSION = YES;
				GCC_WARN_ABOUT_RETURN_TYPE = YES_ERROR;
				GCC_WARN_UNDECLARED_SELECTOR = YES;
				GCC_WARN_UNINITIALIZED_AUTOS = YES_AGGRESSIVE;
				GCC_WARN_UNUSED_FUNCTION = YES;
				GCC_WARN_UNUSED_VARIABLE = YES;
				MACOSX_DEPLOYMENT_TARGET = 10.15;
				MTL_ENABLE_DEBUG_INFO = INCLUDE_SOURCE;
				MTL_FAST_MATH = YES;
				ONLY_ACTIVE_ARCH = YES;
				SDKROOT = macosx;
				SWIFT_ACTIVE_COMPILATION_CONDITIONS = DEBUG;
				SWIFT_OPTIMIZATION_LEVEL = "-Onone";
			};
			name = Debug;
		};
		F052CA3122D6359C005DE1D7 /* Release */ = {
			isa = XCBuildConfiguration;
			buildSettings = {
				ALWAYS_SEARCH_USER_PATHS = NO;
				CLANG_ANALYZER_NONNULL = YES;
				CLANG_ANALYZER_NUMBER_OBJECT_CONVERSION = YES_AGGRESSIVE;
				CLANG_CXX_LANGUAGE_STANDARD = "gnu++14";
				CLANG_CXX_LIBRARY = "libc++";
				CLANG_ENABLE_MODULES = YES;
				CLANG_ENABLE_OBJC_ARC = YES;
				CLANG_ENABLE_OBJC_WEAK = YES;
				CLANG_WARN_BLOCK_CAPTURE_AUTORELEASING = YES;
				CLANG_WARN_BOOL_CONVERSION = YES;
				CLANG_WARN_COMMA = YES;
				CLANG_WARN_CONSTANT_CONVERSION = YES;
				CLANG_WARN_DEPRECATED_OBJC_IMPLEMENTATIONS = YES;
				CLANG_WARN_DIRECT_OBJC_ISA_USAGE = YES_ERROR;
				CLANG_WARN_DOCUMENTATION_COMMENTS = YES;
				CLANG_WARN_EMPTY_BODY = YES;
				CLANG_WARN_ENUM_CONVERSION = YES;
				CLANG_WARN_INFINITE_RECURSION = YES;
				CLANG_WARN_INT_CONVERSION = YES;
				CLANG_WARN_NON_LITERAL_NULL_CONVERSION = YES;
				CLANG_WARN_OBJC_IMPLICIT_RETAIN_SELF = YES;
				CLANG_WARN_OBJC_LITERAL_CONVERSION = YES;
				CLANG_WARN_OBJC_ROOT_CLASS = YES_ERROR;
				CLANG_WARN_RANGE_LOOP_ANALYSIS = YES;
				CLANG_WARN_STRICT_PROTOTYPES = YES;
				CLANG_WARN_SUSPICIOUS_MOVE = YES;
				CLANG_WARN_UNGUARDED_AVAILABILITY = YES_AGGRESSIVE;
				CLANG_WARN_UNREACHABLE_CODE = YES;
				CLANG_WARN__DUPLICATE_METHOD_MATCH = YES;
				COPY_PHASE_STRIP = NO;
				DEBUG_INFORMATION_FORMAT = "dwarf-with-dsym";
				ENABLE_NS_ASSERTIONS = NO;
				ENABLE_STRICT_OBJC_MSGSEND = YES;
				GCC_C_LANGUAGE_STANDARD = gnu11;
				GCC_NO_COMMON_BLOCKS = YES;
				GCC_WARN_64_TO_32_BIT_CONVERSION = YES;
				GCC_WARN_ABOUT_RETURN_TYPE = YES_ERROR;
				GCC_WARN_UNDECLARED_SELECTOR = YES;
				GCC_WARN_UNINITIALIZED_AUTOS = YES_AGGRESSIVE;
				GCC_WARN_UNUSED_FUNCTION = YES;
				GCC_WARN_UNUSED_VARIABLE = YES;
				MACOSX_DEPLOYMENT_TARGET = 10.15;
				MTL_ENABLE_DEBUG_INFO = NO;
				MTL_FAST_MATH = YES;
				SDKROOT = macosx;
				SWIFT_COMPILATION_MODE = wholemodule;
				SWIFT_OPTIMIZATION_LEVEL = "-O";
			};
			name = Release;
		};
		F052CA3322D6359C005DE1D7 /* Debug */ = {
			isa = XCBuildConfiguration;
			buildSettings = {
				ASSETCATALOG_COMPILER_APPICON_NAME = AppIcon;
				CODE_SIGN_ENTITLEMENTS = "firewall-client/firewall_client.entitlements";
				CODE_SIGN_STYLE = Automatic;
				COMBINE_HIDPI_IMAGES = YES;
				DEVELOPMENT_TEAM = XQ3Q86P7E4;
				ENABLE_HARDENED_RUNTIME = YES;
				INFOPLIST_FILE = "firewall-client/Info.plist";
				LD_RUNPATH_SEARCH_PATHS = (
					"$(inherited)",
					"@executable_path/../Frameworks",
				);
				PRODUCT_BUNDLE_IDENTIFIER = "com.notrust.firewall-client";
				PRODUCT_NAME = "$(TARGET_NAME)";
				SWIFT_VERSION = 5.0;
			};
			name = Debug;
		};
		F052CA3422D6359C005DE1D7 /* Release */ = {
			isa = XCBuildConfiguration;
			buildSettings = {
				ASSETCATALOG_COMPILER_APPICON_NAME = AppIcon;
				CODE_SIGN_ENTITLEMENTS = "firewall-client/firewall_client.entitlements";
				CODE_SIGN_STYLE = Automatic;
				COMBINE_HIDPI_IMAGES = YES;
				DEVELOPMENT_TEAM = XQ3Q86P7E4;
				ENABLE_HARDENED_RUNTIME = YES;
				INFOPLIST_FILE = "firewall-client/Info.plist";
				LD_RUNPATH_SEARCH_PATHS = (
					"$(inherited)",
					"@executable_path/../Frameworks",
				);
				PRODUCT_BUNDLE_IDENTIFIER = "com.notrust.firewall-client";
				PRODUCT_NAME = "$(TARGET_NAME)";
				SWIFT_VERSION = 5.0;
			};
			name = Release;
		};
		F052CA3622D6359C005DE1D7 /* Debug */ = {
			isa = XCBuildConfiguration;
			buildSettings = {
				ALWAYS_EMBED_SWIFT_STANDARD_LIBRARIES = YES;
				BUNDLE_LOADER = "$(TEST_HOST)";
				CODE_SIGN_STYLE = Automatic;
				COMBINE_HIDPI_IMAGES = YES;
				DEVELOPMENT_TEAM = XQ3Q86P7E4;
				INFOPLIST_FILE = "firewall-clientTests/Info.plist";
				LD_RUNPATH_SEARCH_PATHS = (
					"$(inherited)",
					"@executable_path/../Frameworks",
					"@loader_path/../Frameworks",
				);
				PRODUCT_BUNDLE_IDENTIFIER = "com.notrust.firewall-clientTests";
				PRODUCT_NAME = "$(TARGET_NAME)";
				SWIFT_VERSION = 5.0;
				TEST_HOST = "$(BUILT_PRODUCTS_DIR)/firewall-client.app/Contents/MacOS/firewall-client";
			};
			name = Debug;
		};
		F052CA3722D6359C005DE1D7 /* Release */ = {
			isa = XCBuildConfiguration;
			buildSettings = {
				ALWAYS_EMBED_SWIFT_STANDARD_LIBRARIES = YES;
				BUNDLE_LOADER = "$(TEST_HOST)";
				CODE_SIGN_STYLE = Automatic;
				COMBINE_HIDPI_IMAGES = YES;
				DEVELOPMENT_TEAM = XQ3Q86P7E4;
				INFOPLIST_FILE = "firewall-clientTests/Info.plist";
				LD_RUNPATH_SEARCH_PATHS = (
					"$(inherited)",
					"@executable_path/../Frameworks",
					"@loader_path/../Frameworks",
				);
				PRODUCT_BUNDLE_IDENTIFIER = "com.notrust.firewall-clientTests";
				PRODUCT_NAME = "$(TARGET_NAME)";
				SWIFT_VERSION = 5.0;
				TEST_HOST = "$(BUILT_PRODUCTS_DIR)/firewall-client.app/Contents/MacOS/firewall-client";
			};
			name = Release;
		};
		F052CA3922D6359C005DE1D7 /* Debug */ = {
			isa = XCBuildConfiguration;
			buildSettings = {
				ALWAYS_EMBED_SWIFT_STANDARD_LIBRARIES = YES;
				CODE_SIGN_STYLE = Automatic;
				COMBINE_HIDPI_IMAGES = YES;
				DEVELOPMENT_TEAM = XQ3Q86P7E4;
				INFOPLIST_FILE = "firewall-clientUITests/Info.plist";
				LD_RUNPATH_SEARCH_PATHS = (
					"$(inherited)",
					"@executable_path/../Frameworks",
					"@loader_path/../Frameworks",
				);
				PRODUCT_BUNDLE_IDENTIFIER = "com.notrust.firewall-clientUITests";
				PRODUCT_NAME = "$(TARGET_NAME)";
				SWIFT_VERSION = 5.0;
				TEST_TARGET_NAME = "firewall-client";
			};
			name = Debug;
		};
		F052CA3A22D6359C005DE1D7 /* Release */ = {
			isa = XCBuildConfiguration;
			buildSettings = {
				ALWAYS_EMBED_SWIFT_STANDARD_LIBRARIES = YES;
				CODE_SIGN_STYLE = Automatic;
				COMBINE_HIDPI_IMAGES = YES;
				DEVELOPMENT_TEAM = XQ3Q86P7E4;
				INFOPLIST_FILE = "firewall-clientUITests/Info.plist";
				LD_RUNPATH_SEARCH_PATHS = (
					"$(inherited)",
					"@executable_path/../Frameworks",
					"@loader_path/../Frameworks",
				);
				PRODUCT_BUNDLE_IDENTIFIER = "com.notrust.firewall-clientUITests";
				PRODUCT_NAME = "$(TARGET_NAME)";
				SWIFT_VERSION = 5.0;
				TEST_TARGET_NAME = "firewall-client";
			};
			name = Release;
		};
/* End XCBuildConfiguration section */

/* Begin XCConfigurationList section */
		F052CA0622D63599005DE1D7 /* Build configuration list for PBXProject "firewall-client" */ = {
			isa = XCConfigurationList;
			buildConfigurations = (
				F052CA3022D6359C005DE1D7 /* Debug */,
				F052CA3122D6359C005DE1D7 /* Release */,
			);
			defaultConfigurationIsVisible = 0;
			defaultConfigurationName = Release;
		};
		F052CA3222D6359C005DE1D7 /* Build configuration list for PBXNativeTarget "firewall-client" */ = {
			isa = XCConfigurationList;
			buildConfigurations = (
				F052CA3322D6359C005DE1D7 /* Debug */,
				F052CA3422D6359C005DE1D7 /* Release */,
			);
			defaultConfigurationIsVisible = 0;
			defaultConfigurationName = Release;
		};
		F052CA3522D6359C005DE1D7 /* Build configuration list for PBXNativeTarget "firewall-clientTests" */ = {
			isa = XCConfigurationList;
			buildConfigurations = (
				F052CA3622D6359C005DE1D7 /* Debug */,
				F052CA3722D6359C005DE1D7 /* Release */,
			);
			defaultConfigurationIsVisible = 0;
			defaultConfigurationName = Release;
		};
		F052CA3822D6359C005DE1D7 /* Build configuration list for PBXNativeTarget "firewall-clientUITests" */ = {
			isa = XCConfigurationList;
			buildConfigurations = (
				F052CA3922D6359C005DE1D7 /* Debug */,
				F052CA3A22D6359C005DE1D7 /* Release */,
			);
			defaultConfigurationIsVisible = 0;
			defaultConfigurationName = Release;
		};
/* End XCConfigurationList section */

/* Begin XCVersionGroup section */
		F052CA1022D6359A005DE1D7 /* firewall_client.xcdatamodeld */ = {
			isa = XCVersionGroup;
			children = (
				F052CA1122D6359A005DE1D7 /* firewall_client.xcdatamodel */,
			);
			currentVersion = F052CA1122D6359A005DE1D7 /* firewall_client.xcdatamodel */;
			path = firewall_client.xcdatamodeld;
			sourceTree = "<group>";
			versionGroupType = wrapper.xcdatamodel;
		};
/* End XCVersionGroup section */
	};
	rootObject = F052CA0322D63599005DE1D7 /* Project object */;
}
